// !$*UTF8*$!
{
	archiveVersion = 1;
	classes = {
	};
	objectVersion = 55;
	objects = {

/* Begin PBXBuildFile section */
		8630D9958B61D53D4DF792BE /* Pods_WeatherForecastNCGR.framework in Frameworks */ = {isa = PBXBuildFile; fileRef = 70F4711CB998E7E0F1AF8057 /* Pods_WeatherForecastNCGR.framework */; };
		9807ECAF58877EF7332FFBDD /* Pods_WeatherForecastNCGR_WeatherForecastNCGRUITests.framework in Frameworks */ = {isa = PBXBuildFile; fileRef = B6EEA4D11738E338BB9FE71D /* Pods_WeatherForecastNCGR_WeatherForecastNCGRUITests.framework */; };
		B5898ECE27E483CA0054A59C /* AppDelegate.swift in Sources */ = {isa = PBXBuildFile; fileRef = B5898ECD27E483CA0054A59C /* AppDelegate.swift */; };
		B5898ED027E483CA0054A59C /* SceneDelegate.swift in Sources */ = {isa = PBXBuildFile; fileRef = B5898ECF27E483CA0054A59C /* SceneDelegate.swift */; };
		B5898ED727E483CC0054A59C /* Assets.xcassets in Resources */ = {isa = PBXBuildFile; fileRef = B5898ED627E483CC0054A59C /* Assets.xcassets */; };
		B5898EDA27E483CC0054A59C /* LaunchScreen.storyboard in Resources */ = {isa = PBXBuildFile; fileRef = B5898ED827E483CC0054A59C /* LaunchScreen.storyboard */; };
		B5898EE527E483CC0054A59C /* WeatherForecastNCGRTests.swift in Sources */ = {isa = PBXBuildFile; fileRef = B5898EE427E483CC0054A59C /* WeatherForecastNCGRTests.swift */; };
		B5898EEF27E483CC0054A59C /* WeatherForecastNCGRUITests.swift in Sources */ = {isa = PBXBuildFile; fileRef = B5898EEE27E483CC0054A59C /* WeatherForecastNCGRUITests.swift */; };
		B5898EF127E483CC0054A59C /* WeatherForecastNCGRUITestsLaunchTests.swift in Sources */ = {isa = PBXBuildFile; fileRef = B5898EF027E483CC0054A59C /* WeatherForecastNCGRUITestsLaunchTests.swift */; };
		B5898F3627E484AA0054A59C /* WeatherDetailsEndPoints.swift in Sources */ = {isa = PBXBuildFile; fileRef = B5898F0027E484A90054A59C /* WeatherDetailsEndPoints.swift */; };
		B5898F3727E484AA0054A59C /* WeatherDetailsEndpointSpecifications.swift in Sources */ = {isa = PBXBuildFile; fileRef = B5898F0127E484A90054A59C /* WeatherDetailsEndpointSpecifications.swift */; };
		B5898F3827E484AA0054A59C /* WeathetDaysEndpointSpecifications.swift in Sources */ = {isa = PBXBuildFile; fileRef = B5898F0327E484A90054A59C /* WeathetDaysEndpointSpecifications.swift */; };
		B5898F3927E484AA0054A59C /* WeathetDaysEndPoints.swift in Sources */ = {isa = PBXBuildFile; fileRef = B5898F0427E484A90054A59C /* WeathetDaysEndPoints.swift */; };
		B5898F3A27E484AA0054A59C /* HomeResponceModel.swift in Sources */ = {isa = PBXBuildFile; fileRef = B5898F0627E484A90054A59C /* HomeResponceModel.swift */; };
		B5898F3B27E484AA0054A59C /* HomeEndPoints.swift in Sources */ = {isa = PBXBuildFile; fileRef = B5898F0727E484A90054A59C /* HomeEndPoints.swift */; };
		B5898F3C27E484AA0054A59C /* HomeEndpointSpecifications.swift in Sources */ = {isa = PBXBuildFile; fileRef = B5898F0827E484A90054A59C /* HomeEndpointSpecifications.swift */; };
		B5898F3D27E484AA0054A59C /* WeatherForecastIndicator.swift in Sources */ = {isa = PBXBuildFile; fileRef = B5898F0B27E484A90054A59C /* WeatherForecastIndicator.swift */; };
		B5898F3E27E484AA0054A59C /* WeatherAlert.swift in Sources */ = {isa = PBXBuildFile; fileRef = B5898F0C27E484A90054A59C /* WeatherAlert.swift */; };
		B5898F3F27E484AA0054A59C /* HomePresenterProtocol.swift in Sources */ = {isa = PBXBuildFile; fileRef = B5898F1127E484AA0054A59C /* HomePresenterProtocol.swift */; };
		B5898F4027E484AA0054A59C /* HomePresenter.swift in Sources */ = {isa = PBXBuildFile; fileRef = B5898F1227E484AA0054A59C /* HomePresenter.swift */; };
		B5898F4127E484AA0054A59C /* HomeViewController.xib in Resources */ = {isa = PBXBuildFile; fileRef = B5898F1427E484AA0054A59C /* HomeViewController.xib */; };
		B5898F4227E484AA0054A59C /* HomeViewController.swift in Sources */ = {isa = PBXBuildFile; fileRef = B5898F1527E484AA0054A59C /* HomeViewController.swift */; };
		B5898F4327E484AA0054A59C /* HomeRemoteWorkerProtocols.swift in Sources */ = {isa = PBXBuildFile; fileRef = B5898F1827E484AA0054A59C /* HomeRemoteWorkerProtocols.swift */; };
		B5898F4427E484AA0054A59C /* HomeLocalWorkerProtocols.swift in Sources */ = {isa = PBXBuildFile; fileRef = B5898F1927E484AA0054A59C /* HomeLocalWorkerProtocols.swift */; };
		B5898F4527E484AA0054A59C /* HomeLocalWorker.swift in Sources */ = {isa = PBXBuildFile; fileRef = B5898F1B27E484AA0054A59C /* HomeLocalWorker.swift */; };
		B5898F4627E484AA0054A59C /* HomeRemoteWorker.swift in Sources */ = {isa = PBXBuildFile; fileRef = B5898F1D27E484AA0054A59C /* HomeRemoteWorker.swift */; };
		B5898F4727E484AA0054A59C /* HomeInteractor.swift in Sources */ = {isa = PBXBuildFile; fileRef = B5898F1F27E484AA0054A59C /* HomeInteractor.swift */; };
		B5898F4827E484AA0054A59C /* HomeInteractorProtocol.swift in Sources */ = {isa = PBXBuildFile; fileRef = B5898F2127E484AA0054A59C /* HomeInteractorProtocol.swift */; };
		B5898F4927E484AA0054A59C /* HomeViewData.swift in Sources */ = {isa = PBXBuildFile; fileRef = B5898F2327E484AA0054A59C /* HomeViewData.swift */; };
		B5898F4A27E484AA0054A59C /* HomeRouter.swift in Sources */ = {isa = PBXBuildFile; fileRef = B5898F2527E484AA0054A59C /* HomeRouter.swift */; };
		B5898F4B27E484AA0054A59C /* DetailsModel.swift in Sources */ = {isa = PBXBuildFile; fileRef = B5898F2827E484AA0054A59C /* DetailsModel.swift */; };
		B5898F4C27E484AA0054A59C /* DetailsViewController.xib in Resources */ = {isa = PBXBuildFile; fileRef = B5898F2A27E484AA0054A59C /* DetailsViewController.xib */; };
		B5898F4D27E484AA0054A59C /* DetailsViewController.swift in Sources */ = {isa = PBXBuildFile; fileRef = B5898F2B27E484AA0054A59C /* DetailsViewController.swift */; };
		B5898F4E27E484AA0054A59C /* DetailsViewModel.swift in Sources */ = {isa = PBXBuildFile; fileRef = B5898F2D27E484AA0054A59C /* DetailsViewModel.swift */; };
		B5898F4F27E484AA0054A59C /* DaysViewController.xib in Resources */ = {isa = PBXBuildFile; fileRef = B5898F3027E484AA0054A59C /* DaysViewController.xib */; };
		B5898F5027E484AA0054A59C /* DaysViewController.swift in Sources */ = {isa = PBXBuildFile; fileRef = B5898F3127E484AA0054A59C /* DaysViewController.swift */; };
		B5898F5127E484AA0054A59C /* DaysViewModel.swift in Sources */ = {isa = PBXBuildFile; fileRef = B5898F3327E484AA0054A59C /* DaysViewModel.swift */; };
		B5898F5227E484AA0054A59C /* DaysModel.swift in Sources */ = {isa = PBXBuildFile; fileRef = B5898F3527E484AA0054A59C /* DaysModel.swift */; };
		B5898F5527E486170054A59C /* Main.storyboard in Resources */ = {isa = PBXBuildFile; fileRef = B5898F5327E486160054A59C /* Main.storyboard */; };
		B5898F5627E486170054A59C /* ViewController.swift in Sources */ = {isa = PBXBuildFile; fileRef = B5898F5427E486170054A59C /* ViewController.swift */; };
		B5898F5827E486FC0054A59C /* DaysResponceModel.swift in Sources */ = {isa = PBXBuildFile; fileRef = B5898F5727E486FC0054A59C /* DaysResponceModel.swift */; };
		B5898F5A27E48CE70054A59C /* StoreManger.swift in Sources */ = {isa = PBXBuildFile; fileRef = B5898F5927E48CE70054A59C /* StoreManger.swift */; };
		B5898F5E27E499FF0054A59C /* HomeTableViewCell.swift in Sources */ = {isa = PBXBuildFile; fileRef = B5898F5C27E499FF0054A59C /* HomeTableViewCell.swift */; };
		B5898F5F27E499FF0054A59C /* HomeTableViewCell.xib in Resources */ = {isa = PBXBuildFile; fileRef = B5898F5D27E499FF0054A59C /* HomeTableViewCell.xib */; };
		B5898F6127E49D9F0054A59C /* LoadImageManger.swift in Sources */ = {isa = PBXBuildFile; fileRef = B5898F6027E49D9F0054A59C /* LoadImageManger.swift */; };
		B5898F6327E4B2280054A59C /* InternetConnection.swift in Sources */ = {isa = PBXBuildFile; fileRef = B5898F6227E4B2280054A59C /* InternetConnection.swift */; };
		B5898F6727E4BB8A0054A59C /* DaysTableViewCell.xib in Resources */ = {isa = PBXBuildFile; fileRef = B5898F6527E4BB8A0054A59C /* DaysTableViewCell.xib */; };
		B5898F6827E4BB8A0054A59C /* DaysTableViewCell.swift in Sources */ = {isa = PBXBuildFile; fileRef = B5898F6627E4BB8A0054A59C /* DaysTableViewCell.swift */; };
		B5898F7727E4F7400054A59C /* WeatherDetailsResponceModel.swift in Sources */ = {isa = PBXBuildFile; fileRef = B5898F7627E4F7400054A59C /* WeatherDetailsResponceModel.swift */; };
		B5898F7B27E4F85E0054A59C /* DetailsTableViewCell.swift in Sources */ = {isa = PBXBuildFile; fileRef = B5898F7927E4F85E0054A59C /* DetailsTableViewCell.swift */; };
		B5898F7C27E4F85E0054A59C /* DetailsTableViewCell.xib in Resources */ = {isa = PBXBuildFile; fileRef = B5898F7A27E4F85E0054A59C /* DetailsTableViewCell.xib */; };
		B5CC8ED927E5AA8F00071C69 /* WeatherAlert.swift in Sources */ = {isa = PBXBuildFile; fileRef = B5898F0C27E484A90054A59C /* WeatherAlert.swift */; };
		B5CC8EDA27E5AA8F00071C69 /* DetailsTableViewCell.swift in Sources */ = {isa = PBXBuildFile; fileRef = B5898F7927E4F85E0054A59C /* DetailsTableViewCell.swift */; };
		B5CC8EDB27E5AA8F00071C69 /* HomeInteractor.swift in Sources */ = {isa = PBXBuildFile; fileRef = B5898F1F27E484AA0054A59C /* HomeInteractor.swift */; };
		B5CC8EDC27E5AA8F00071C69 /* HomeViewData.swift in Sources */ = {isa = PBXBuildFile; fileRef = B5898F2327E484AA0054A59C /* HomeViewData.swift */; };
		B5CC8EDD27E5AA8F00071C69 /* DaysViewController.swift in Sources */ = {isa = PBXBuildFile; fileRef = B5898F3127E484AA0054A59C /* DaysViewController.swift */; };
		B5CC8EDE27E5AA8F00071C69 /* WeatherDetailsEndpointSpecifications.swift in Sources */ = {isa = PBXBuildFile; fileRef = B5898F0127E484A90054A59C /* WeatherDetailsEndpointSpecifications.swift */; };
		B5CC8EDF27E5AA8F00071C69 /* DaysResponceModel.swift in Sources */ = {isa = PBXBuildFile; fileRef = B5898F5727E486FC0054A59C /* DaysResponceModel.swift */; };
		B5CC8EE027E5AA8F00071C69 /* WeatherDetailsResponceModel.swift in Sources */ = {isa = PBXBuildFile; fileRef = B5898F7627E4F7400054A59C /* WeatherDetailsResponceModel.swift */; };
		B5CC8EE127E5AA8F00071C69 /* WeatherDetailsEndPoints.swift in Sources */ = {isa = PBXBuildFile; fileRef = B5898F0027E484A90054A59C /* WeatherDetailsEndPoints.swift */; };
		B5CC8EE227E5AA8F00071C69 /* WeathetDaysEndPoints.swift in Sources */ = {isa = PBXBuildFile; fileRef = B5898F0427E484A90054A59C /* WeathetDaysEndPoints.swift */; };
		B5CC8EE327E5AA8F00071C69 /* HomeEndPoints.swift in Sources */ = {isa = PBXBuildFile; fileRef = B5898F0727E484A90054A59C /* HomeEndPoints.swift */; };
		B5CC8EE427E5AA8F00071C69 /* HomeRemoteWorkerProtocols.swift in Sources */ = {isa = PBXBuildFile; fileRef = B5898F1827E484AA0054A59C /* HomeRemoteWorkerProtocols.swift */; };
		B5CC8EE527E5AA8F00071C69 /* HomeViewController.swift in Sources */ = {isa = PBXBuildFile; fileRef = B5898F1527E484AA0054A59C /* HomeViewController.swift */; };
		B5CC8EE627E5AA8F00071C69 /* AppDelegate.swift in Sources */ = {isa = PBXBuildFile; fileRef = B5898ECD27E483CA0054A59C /* AppDelegate.swift */; };
		B5CC8EE727E5AA8F00071C69 /* HomeInteractorProtocol.swift in Sources */ = {isa = PBXBuildFile; fileRef = B5898F2127E484AA0054A59C /* HomeInteractorProtocol.swift */; };
		B5CC8EE827E5AA8F00071C69 /* DaysModel.swift in Sources */ = {isa = PBXBuildFile; fileRef = B5898F3527E484AA0054A59C /* DaysModel.swift */; };
		B5CC8EE927E5AA8F00071C69 /* DetailsViewController.swift in Sources */ = {isa = PBXBuildFile; fileRef = B5898F2B27E484AA0054A59C /* DetailsViewController.swift */; };
		B5CC8EEA27E5AA8F00071C69 /* DetailsViewModel.swift in Sources */ = {isa = PBXBuildFile; fileRef = B5898F2D27E484AA0054A59C /* DetailsViewModel.swift */; };
		B5CC8EEB27E5AA8F00071C69 /* DaysTableViewCell.swift in Sources */ = {isa = PBXBuildFile; fileRef = B5898F6627E4BB8A0054A59C /* DaysTableViewCell.swift */; };
		B5CC8EEC27E5AA8F00071C69 /* DetailsModel.swift in Sources */ = {isa = PBXBuildFile; fileRef = B5898F2827E484AA0054A59C /* DetailsModel.swift */; };
		B5CC8EED27E5AA8F00071C69 /* SceneDelegate.swift in Sources */ = {isa = PBXBuildFile; fileRef = B5898ECF27E483CA0054A59C /* SceneDelegate.swift */; };
		B5CC8EEE27E5AA8F00071C69 /* WeathetDaysEndpointSpecifications.swift in Sources */ = {isa = PBXBuildFile; fileRef = B5898F0327E484A90054A59C /* WeathetDaysEndpointSpecifications.swift */; };
		B5CC8EEF27E5AA8F00071C69 /* HomeLocalWorker.swift in Sources */ = {isa = PBXBuildFile; fileRef = B5898F1B27E484AA0054A59C /* HomeLocalWorker.swift */; };
		B5CC8EF027E5AA8F00071C69 /* WeatherForecastIndicator.swift in Sources */ = {isa = PBXBuildFile; fileRef = B5898F0B27E484A90054A59C /* WeatherForecastIndicator.swift */; };
		B5CC8EF127E5AA8F00071C69 /* ViewController.swift in Sources */ = {isa = PBXBuildFile; fileRef = B5898F5427E486170054A59C /* ViewController.swift */; };
		B5CC8EF227E5AA8F00071C69 /* InternetConnection.swift in Sources */ = {isa = PBXBuildFile; fileRef = B5898F6227E4B2280054A59C /* InternetConnection.swift */; };
		B5CC8EF327E5AA8F00071C69 /* HomePresenter.swift in Sources */ = {isa = PBXBuildFile; fileRef = B5898F1227E484AA0054A59C /* HomePresenter.swift */; };
		B5CC8EF427E5AA8F00071C69 /* HomeLocalWorkerProtocols.swift in Sources */ = {isa = PBXBuildFile; fileRef = B5898F1927E484AA0054A59C /* HomeLocalWorkerProtocols.swift */; };
		B5CC8EF527E5AA8F00071C69 /* DaysViewModel.swift in Sources */ = {isa = PBXBuildFile; fileRef = B5898F3327E484AA0054A59C /* DaysViewModel.swift */; };
		B5CC8EF627E5AA8F00071C69 /* HomeRemoteWorker.swift in Sources */ = {isa = PBXBuildFile; fileRef = B5898F1D27E484AA0054A59C /* HomeRemoteWorker.swift */; };
		B5CC8EF727E5AA8F00071C69 /* HomePresenterProtocol.swift in Sources */ = {isa = PBXBuildFile; fileRef = B5898F1127E484AA0054A59C /* HomePresenterProtocol.swift */; };
		B5CC8EF827E5AA8F00071C69 /* HomeResponceModel.swift in Sources */ = {isa = PBXBuildFile; fileRef = B5898F0627E484A90054A59C /* HomeResponceModel.swift */; };
		B5CC8EF927E5AA8F00071C69 /* StoreManger.swift in Sources */ = {isa = PBXBuildFile; fileRef = B5898F5927E48CE70054A59C /* StoreManger.swift */; };
		B5CC8EFA27E5AA8F00071C69 /* LoadImageManger.swift in Sources */ = {isa = PBXBuildFile; fileRef = B5898F6027E49D9F0054A59C /* LoadImageManger.swift */; };
		B5CC8EFB27E5AA8F00071C69 /* HomeEndpointSpecifications.swift in Sources */ = {isa = PBXBuildFile; fileRef = B5898F0827E484A90054A59C /* HomeEndpointSpecifications.swift */; };
		B5CC8EFC27E5AA8F00071C69 /* HomeTableViewCell.swift in Sources */ = {isa = PBXBuildFile; fileRef = B5898F5C27E499FF0054A59C /* HomeTableViewCell.swift */; };
		B5CC8EFD27E5AA8F00071C69 /* HomeRouter.swift in Sources */ = {isa = PBXBuildFile; fileRef = B5898F2527E484AA0054A59C /* HomeRouter.swift */; };
		B5CC8EFF27E5AA8F00071C69 /* Pods_WeatherForecastNCGR.framework in Frameworks */ = {isa = PBXBuildFile; fileRef = 70F4711CB998E7E0F1AF8057 /* Pods_WeatherForecastNCGR.framework */; };
		B5CC8F0127E5AA8F00071C69 /* LaunchScreen.storyboard in Resources */ = {isa = PBXBuildFile; fileRef = B5898ED827E483CC0054A59C /* LaunchScreen.storyboard */; };
		B5CC8F0227E5AA8F00071C69 /* HomeTableViewCell.xib in Resources */ = {isa = PBXBuildFile; fileRef = B5898F5D27E499FF0054A59C /* HomeTableViewCell.xib */; };
		B5CC8F0327E5AA8F00071C69 /* DaysTableViewCell.xib in Resources */ = {isa = PBXBuildFile; fileRef = B5898F6527E4BB8A0054A59C /* DaysTableViewCell.xib */; };
		B5CC8F0427E5AA8F00071C69 /* Assets.xcassets in Resources */ = {isa = PBXBuildFile; fileRef = B5898ED627E483CC0054A59C /* Assets.xcassets */; };
		B5CC8F0527E5AA8F00071C69 /* HomeViewController.xib in Resources */ = {isa = PBXBuildFile; fileRef = B5898F1427E484AA0054A59C /* HomeViewController.xib */; };
		B5CC8F0627E5AA8F00071C69 /* DetailsTableViewCell.xib in Resources */ = {isa = PBXBuildFile; fileRef = B5898F7A27E4F85E0054A59C /* DetailsTableViewCell.xib */; };
		B5CC8F0727E5AA8F00071C69 /* Main.storyboard in Resources */ = {isa = PBXBuildFile; fileRef = B5898F5327E486160054A59C /* Main.storyboard */; };
		B5CC8F0827E5AA8F00071C69 /* DaysViewController.xib in Resources */ = {isa = PBXBuildFile; fileRef = B5898F3027E484AA0054A59C /* DaysViewController.xib */; };
		B5CC8F0927E5AA8F00071C69 /* DetailsViewController.xib in Resources */ = {isa = PBXBuildFile; fileRef = B5898F2A27E484AA0054A59C /* DetailsViewController.xib */; };
		E85184D89E6D17D89BF664DB /* Pods_WeatherForecastNCGRTests.framework in Frameworks */ = {isa = PBXBuildFile; fileRef = E390B8F8530030154DAE4C61 /* Pods_WeatherForecastNCGRTests.framework */; };
/* End PBXBuildFile section */

/* Begin PBXContainerItemProxy section */
		B5898EE127E483CC0054A59C /* PBXContainerItemProxy */ = {
			isa = PBXContainerItemProxy;
			containerPortal = B5898EC227E483CA0054A59C /* Project object */;
			proxyType = 1;
			remoteGlobalIDString = B5898EC927E483CA0054A59C;
			remoteInfo = WeatherForecastNCGR;
		};
		B5898EEB27E483CC0054A59C /* PBXContainerItemProxy */ = {
			isa = PBXContainerItemProxy;
			containerPortal = B5898EC227E483CA0054A59C /* Project object */;
			proxyType = 1;
			remoteGlobalIDString = B5898EC927E483CA0054A59C;
			remoteInfo = WeatherForecastNCGR;
		};
/* End PBXContainerItemProxy section */

/* Begin PBXFileReference section */
		625CEE0606227E88BF90144F /* Pods-WeatherForecastNCGR.release.xcconfig */ = {isa = PBXFileReference; includeInIndex = 1; lastKnownFileType = text.xcconfig; name = "Pods-WeatherForecastNCGR.release.xcconfig"; path = "Target Support Files/Pods-WeatherForecastNCGR/Pods-WeatherForecastNCGR.release.xcconfig"; sourceTree = "<group>"; };
		70F4711CB998E7E0F1AF8057 /* Pods_WeatherForecastNCGR.framework */ = {isa = PBXFileReference; explicitFileType = wrapper.framework; includeInIndex = 0; path = Pods_WeatherForecastNCGR.framework; sourceTree = BUILT_PRODUCTS_DIR; };
		B4C2038613973427AB6AD8B6 /* Pods-WeatherForecastNCGR-WeatherForecastNCGRUITests.debug.xcconfig */ = {isa = PBXFileReference; includeInIndex = 1; lastKnownFileType = text.xcconfig; name = "Pods-WeatherForecastNCGR-WeatherForecastNCGRUITests.debug.xcconfig"; path = "Target Support Files/Pods-WeatherForecastNCGR-WeatherForecastNCGRUITests/Pods-WeatherForecastNCGR-WeatherForecastNCGRUITests.debug.xcconfig"; sourceTree = "<group>"; };
		B5898ECA27E483CA0054A59C /* WeatherForecastNCGR.app */ = {isa = PBXFileReference; explicitFileType = wrapper.application; includeInIndex = 0; path = WeatherForecastNCGR.app; sourceTree = BUILT_PRODUCTS_DIR; };
		B5898ECD27E483CA0054A59C /* AppDelegate.swift */ = {isa = PBXFileReference; lastKnownFileType = sourcecode.swift; path = AppDelegate.swift; sourceTree = "<group>"; };
		B5898ECF27E483CA0054A59C /* SceneDelegate.swift */ = {isa = PBXFileReference; lastKnownFileType = sourcecode.swift; path = SceneDelegate.swift; sourceTree = "<group>"; };
		B5898ED627E483CC0054A59C /* Assets.xcassets */ = {isa = PBXFileReference; lastKnownFileType = folder.assetcatalog; path = Assets.xcassets; sourceTree = "<group>"; };
		B5898ED927E483CC0054A59C /* Base */ = {isa = PBXFileReference; lastKnownFileType = file.storyboard; name = Base; path = Base.lproj/LaunchScreen.storyboard; sourceTree = "<group>"; };
		B5898EDB27E483CC0054A59C /* Info.plist */ = {isa = PBXFileReference; lastKnownFileType = text.plist.xml; path = Info.plist; sourceTree = "<group>"; };
		B5898EE027E483CC0054A59C /* WeatherForecastNCGRTests.xctest */ = {isa = PBXFileReference; explicitFileType = wrapper.cfbundle; includeInIndex = 0; path = WeatherForecastNCGRTests.xctest; sourceTree = BUILT_PRODUCTS_DIR; };
		B5898EE427E483CC0054A59C /* WeatherForecastNCGRTests.swift */ = {isa = PBXFileReference; lastKnownFileType = sourcecode.swift; path = WeatherForecastNCGRTests.swift; sourceTree = "<group>"; };
		B5898EEA27E483CC0054A59C /* WeatherForecastNCGRUITests.xctest */ = {isa = PBXFileReference; explicitFileType = wrapper.cfbundle; includeInIndex = 0; path = WeatherForecastNCGRUITests.xctest; sourceTree = BUILT_PRODUCTS_DIR; };
		B5898EEE27E483CC0054A59C /* WeatherForecastNCGRUITests.swift */ = {isa = PBXFileReference; lastKnownFileType = sourcecode.swift; path = WeatherForecastNCGRUITests.swift; sourceTree = "<group>"; };
		B5898EF027E483CC0054A59C /* WeatherForecastNCGRUITestsLaunchTests.swift */ = {isa = PBXFileReference; lastKnownFileType = sourcecode.swift; path = WeatherForecastNCGRUITestsLaunchTests.swift; sourceTree = "<group>"; };
		B5898F0027E484A90054A59C /* WeatherDetailsEndPoints.swift */ = {isa = PBXFileReference; fileEncoding = 4; lastKnownFileType = sourcecode.swift; path = WeatherDetailsEndPoints.swift; sourceTree = "<group>"; };
		B5898F0127E484A90054A59C /* WeatherDetailsEndpointSpecifications.swift */ = {isa = PBXFileReference; fileEncoding = 4; lastKnownFileType = sourcecode.swift; path = WeatherDetailsEndpointSpecifications.swift; sourceTree = "<group>"; };
		B5898F0327E484A90054A59C /* WeathetDaysEndpointSpecifications.swift */ = {isa = PBXFileReference; fileEncoding = 4; lastKnownFileType = sourcecode.swift; path = WeathetDaysEndpointSpecifications.swift; sourceTree = "<group>"; };
		B5898F0427E484A90054A59C /* WeathetDaysEndPoints.swift */ = {isa = PBXFileReference; fileEncoding = 4; lastKnownFileType = sourcecode.swift; path = WeathetDaysEndPoints.swift; sourceTree = "<group>"; };
		B5898F0627E484A90054A59C /* HomeResponceModel.swift */ = {isa = PBXFileReference; fileEncoding = 4; lastKnownFileType = sourcecode.swift; path = HomeResponceModel.swift; sourceTree = "<group>"; };
		B5898F0727E484A90054A59C /* HomeEndPoints.swift */ = {isa = PBXFileReference; fileEncoding = 4; lastKnownFileType = sourcecode.swift; path = HomeEndPoints.swift; sourceTree = "<group>"; };
		B5898F0827E484A90054A59C /* HomeEndpointSpecifications.swift */ = {isa = PBXFileReference; fileEncoding = 4; lastKnownFileType = sourcecode.swift; path = HomeEndpointSpecifications.swift; sourceTree = "<group>"; };
		B5898F0B27E484A90054A59C /* WeatherForecastIndicator.swift */ = {isa = PBXFileReference; fileEncoding = 4; lastKnownFileType = sourcecode.swift; path = WeatherForecastIndicator.swift; sourceTree = "<group>"; };
		B5898F0C27E484A90054A59C /* WeatherAlert.swift */ = {isa = PBXFileReference; fileEncoding = 4; lastKnownFileType = sourcecode.swift; path = WeatherAlert.swift; sourceTree = "<group>"; };
		B5898F1127E484AA0054A59C /* HomePresenterProtocol.swift */ = {isa = PBXFileReference; fileEncoding = 4; lastKnownFileType = sourcecode.swift; path = HomePresenterProtocol.swift; sourceTree = "<group>"; };
		B5898F1227E484AA0054A59C /* HomePresenter.swift */ = {isa = PBXFileReference; fileEncoding = 4; lastKnownFileType = sourcecode.swift; path = HomePresenter.swift; sourceTree = "<group>"; };
		B5898F1427E484AA0054A59C /* HomeViewController.xib */ = {isa = PBXFileReference; fileEncoding = 4; lastKnownFileType = file.xib; path = HomeViewController.xib; sourceTree = "<group>"; };
		B5898F1527E484AA0054A59C /* HomeViewController.swift */ = {isa = PBXFileReference; fileEncoding = 4; lastKnownFileType = sourcecode.swift; path = HomeViewController.swift; sourceTree = "<group>"; };
		B5898F1827E484AA0054A59C /* HomeRemoteWorkerProtocols.swift */ = {isa = PBXFileReference; fileEncoding = 4; lastKnownFileType = sourcecode.swift; path = HomeRemoteWorkerProtocols.swift; sourceTree = "<group>"; };
		B5898F1927E484AA0054A59C /* HomeLocalWorkerProtocols.swift */ = {isa = PBXFileReference; fileEncoding = 4; lastKnownFileType = sourcecode.swift; path = HomeLocalWorkerProtocols.swift; sourceTree = "<group>"; };
		B5898F1B27E484AA0054A59C /* HomeLocalWorker.swift */ = {isa = PBXFileReference; fileEncoding = 4; lastKnownFileType = sourcecode.swift; path = HomeLocalWorker.swift; sourceTree = "<group>"; };
		B5898F1D27E484AA0054A59C /* HomeRemoteWorker.swift */ = {isa = PBXFileReference; fileEncoding = 4; lastKnownFileType = sourcecode.swift; path = HomeRemoteWorker.swift; sourceTree = "<group>"; };
		B5898F1F27E484AA0054A59C /* HomeInteractor.swift */ = {isa = PBXFileReference; fileEncoding = 4; lastKnownFileType = sourcecode.swift; path = HomeInteractor.swift; sourceTree = "<group>"; };
		B5898F2127E484AA0054A59C /* HomeInteractorProtocol.swift */ = {isa = PBXFileReference; fileEncoding = 4; lastKnownFileType = sourcecode.swift; path = HomeInteractorProtocol.swift; sourceTree = "<group>"; };
		B5898F2327E484AA0054A59C /* HomeViewData.swift */ = {isa = PBXFileReference; fileEncoding = 4; lastKnownFileType = sourcecode.swift; path = HomeViewData.swift; sourceTree = "<group>"; };
		B5898F2527E484AA0054A59C /* HomeRouter.swift */ = {isa = PBXFileReference; fileEncoding = 4; lastKnownFileType = sourcecode.swift; path = HomeRouter.swift; sourceTree = "<group>"; };
		B5898F2827E484AA0054A59C /* DetailsModel.swift */ = {isa = PBXFileReference; fileEncoding = 4; lastKnownFileType = sourcecode.swift; path = DetailsModel.swift; sourceTree = "<group>"; };
		B5898F2A27E484AA0054A59C /* DetailsViewController.xib */ = {isa = PBXFileReference; fileEncoding = 4; lastKnownFileType = file.xib; path = DetailsViewController.xib; sourceTree = "<group>"; };
		B5898F2B27E484AA0054A59C /* DetailsViewController.swift */ = {isa = PBXFileReference; fileEncoding = 4; lastKnownFileType = sourcecode.swift; path = DetailsViewController.swift; sourceTree = "<group>"; };
		B5898F2D27E484AA0054A59C /* DetailsViewModel.swift */ = {isa = PBXFileReference; fileEncoding = 4; lastKnownFileType = sourcecode.swift; path = DetailsViewModel.swift; sourceTree = "<group>"; };
		B5898F3027E484AA0054A59C /* DaysViewController.xib */ = {isa = PBXFileReference; fileEncoding = 4; lastKnownFileType = file.xib; path = DaysViewController.xib; sourceTree = "<group>"; };
		B5898F3127E484AA0054A59C /* DaysViewController.swift */ = {isa = PBXFileReference; fileEncoding = 4; lastKnownFileType = sourcecode.swift; path = DaysViewController.swift; sourceTree = "<group>"; };
		B5898F3327E484AA0054A59C /* DaysViewModel.swift */ = {isa = PBXFileReference; fileEncoding = 4; lastKnownFileType = sourcecode.swift; path = DaysViewModel.swift; sourceTree = "<group>"; };
		B5898F3527E484AA0054A59C /* DaysModel.swift */ = {isa = PBXFileReference; fileEncoding = 4; lastKnownFileType = sourcecode.swift; path = DaysModel.swift; sourceTree = "<group>"; };
		B5898F5327E486160054A59C /* Main.storyboard */ = {isa = PBXFileReference; fileEncoding = 4; lastKnownFileType = file.storyboard; path = Main.storyboard; sourceTree = "<group>"; };
		B5898F5427E486170054A59C /* ViewController.swift */ = {isa = PBXFileReference; fileEncoding = 4; lastKnownFileType = sourcecode.swift; path = ViewController.swift; sourceTree = "<group>"; };
		B5898F5727E486FC0054A59C /* DaysResponceModel.swift */ = {isa = PBXFileReference; lastKnownFileType = sourcecode.swift; path = DaysResponceModel.swift; sourceTree = "<group>"; };
		B5898F5927E48CE70054A59C /* StoreManger.swift */ = {isa = PBXFileReference; lastKnownFileType = sourcecode.swift; path = StoreManger.swift; sourceTree = "<group>"; };
		B5898F5C27E499FF0054A59C /* HomeTableViewCell.swift */ = {isa = PBXFileReference; lastKnownFileType = sourcecode.swift; path = HomeTableViewCell.swift; sourceTree = "<group>"; };
		B5898F5D27E499FF0054A59C /* HomeTableViewCell.xib */ = {isa = PBXFileReference; lastKnownFileType = file.xib; path = HomeTableViewCell.xib; sourceTree = "<group>"; };
		B5898F6027E49D9F0054A59C /* LoadImageManger.swift */ = {isa = PBXFileReference; lastKnownFileType = sourcecode.swift; path = LoadImageManger.swift; sourceTree = "<group>"; };
		B5898F6227E4B2280054A59C /* InternetConnection.swift */ = {isa = PBXFileReference; fileEncoding = 4; lastKnownFileType = sourcecode.swift; path = InternetConnection.swift; sourceTree = "<group>"; };
		B5898F6527E4BB8A0054A59C /* DaysTableViewCell.xib */ = {isa = PBXFileReference; fileEncoding = 4; lastKnownFileType = file.xib; path = DaysTableViewCell.xib; sourceTree = "<group>"; };
		B5898F6627E4BB8A0054A59C /* DaysTableViewCell.swift */ = {isa = PBXFileReference; fileEncoding = 4; lastKnownFileType = sourcecode.swift; path = DaysTableViewCell.swift; sourceTree = "<group>"; };
		B5898F7627E4F7400054A59C /* WeatherDetailsResponceModel.swift */ = {isa = PBXFileReference; lastKnownFileType = sourcecode.swift; path = WeatherDetailsResponceModel.swift; sourceTree = "<group>"; };
		B5898F7927E4F85E0054A59C /* DetailsTableViewCell.swift */ = {isa = PBXFileReference; lastKnownFileType = sourcecode.swift; path = DetailsTableViewCell.swift; sourceTree = "<group>"; };
		B5898F7A27E4F85E0054A59C /* DetailsTableViewCell.xib */ = {isa = PBXFileReference; lastKnownFileType = file.xib; path = DetailsTableViewCell.xib; sourceTree = "<group>"; };
		B5CC8EC527E5A5C700071C69 /* Test.xcconfig */ = {isa = PBXFileReference; lastKnownFileType = text.xcconfig; path = Test.xcconfig; sourceTree = "<group>"; };
		B5CC8EC627E5A69500071C69 /* Debug.xcconfig */ = {isa = PBXFileReference; lastKnownFileType = text.xcconfig; path = Debug.xcconfig; sourceTree = "<group>"; };
		B5CC8F0F27E5AA8F00071C69 /* WeatherForecastNCGRTest.app */ = {isa = PBXFileReference; explicitFileType = wrapper.application; includeInIndex = 0; path = WeatherForecastNCGRTest.app; sourceTree = BUILT_PRODUCTS_DIR; };
		B5CC8F1027E5AA9000071C69 /* WeatherForecastNCGRTest-Info.plist */ = {isa = PBXFileReference; lastKnownFileType = text.plist.xml; name = "WeatherForecastNCGRTest-Info.plist"; path = "/Users/mohamed.hashem/Downloads/WeatherForecastNCGR/WeatherForecastNCGRTest-Info.plist"; sourceTree = "<absolute>"; };
		B6EEA4D11738E338BB9FE71D /* Pods_WeatherForecastNCGR_WeatherForecastNCGRUITests.framework */ = {isa = PBXFileReference; explicitFileType = wrapper.framework; includeInIndex = 0; path = Pods_WeatherForecastNCGR_WeatherForecastNCGRUITests.framework; sourceTree = BUILT_PRODUCTS_DIR; };
		BB999348509921012F91F4B0 /* Pods-WeatherForecastNCGR.debug.xcconfig */ = {isa = PBXFileReference; includeInIndex = 1; lastKnownFileType = text.xcconfig; name = "Pods-WeatherForecastNCGR.debug.xcconfig"; path = "Target Support Files/Pods-WeatherForecastNCGR/Pods-WeatherForecastNCGR.debug.xcconfig"; sourceTree = "<group>"; };
		C80F467EF36F13BF38B8D18A /* Pods-WeatherForecastNCGR-WeatherForecastNCGRUITests.release.xcconfig */ = {isa = PBXFileReference; includeInIndex = 1; lastKnownFileType = text.xcconfig; name = "Pods-WeatherForecastNCGR-WeatherForecastNCGRUITests.release.xcconfig"; path = "Target Support Files/Pods-WeatherForecastNCGR-WeatherForecastNCGRUITests/Pods-WeatherForecastNCGR-WeatherForecastNCGRUITests.release.xcconfig"; sourceTree = "<group>"; };
		E390B8F8530030154DAE4C61 /* Pods_WeatherForecastNCGRTests.framework */ = {isa = PBXFileReference; explicitFileType = wrapper.framework; includeInIndex = 0; path = Pods_WeatherForecastNCGRTests.framework; sourceTree = BUILT_PRODUCTS_DIR; };
		E8C9FABDB4AB139F22248911 /* Pods-WeatherForecastNCGRTests.debug.xcconfig */ = {isa = PBXFileReference; includeInIndex = 1; lastKnownFileType = text.xcconfig; name = "Pods-WeatherForecastNCGRTests.debug.xcconfig"; path = "Target Support Files/Pods-WeatherForecastNCGRTests/Pods-WeatherForecastNCGRTests.debug.xcconfig"; sourceTree = "<group>"; };
		FFFC0BDC374ED28526B21B1E /* Pods-WeatherForecastNCGRTests.release.xcconfig */ = {isa = PBXFileReference; includeInIndex = 1; lastKnownFileType = text.xcconfig; name = "Pods-WeatherForecastNCGRTests.release.xcconfig"; path = "Target Support Files/Pods-WeatherForecastNCGRTests/Pods-WeatherForecastNCGRTests.release.xcconfig"; sourceTree = "<group>"; };
/* End PBXFileReference section */

/* Begin PBXFrameworksBuildPhase section */
		B5898EC727E483CA0054A59C /* Frameworks */ = {
			isa = PBXFrameworksBuildPhase;
			buildActionMask = 2147483647;
			files = (
				8630D9958B61D53D4DF792BE /* Pods_WeatherForecastNCGR.framework in Frameworks */,
			);
			runOnlyForDeploymentPostprocessing = 0;
		};
		B5898EDD27E483CC0054A59C /* Frameworks */ = {
			isa = PBXFrameworksBuildPhase;
			buildActionMask = 2147483647;
			files = (
				E85184D89E6D17D89BF664DB /* Pods_WeatherForecastNCGRTests.framework in Frameworks */,
			);
			runOnlyForDeploymentPostprocessing = 0;
		};
		B5898EE727E483CC0054A59C /* Frameworks */ = {
			isa = PBXFrameworksBuildPhase;
			buildActionMask = 2147483647;
			files = (
				9807ECAF58877EF7332FFBDD /* Pods_WeatherForecastNCGR_WeatherForecastNCGRUITests.framework in Frameworks */,
			);
			runOnlyForDeploymentPostprocessing = 0;
		};
		B5CC8EFE27E5AA8F00071C69 /* Frameworks */ = {
			isa = PBXFrameworksBuildPhase;
			buildActionMask = 2147483647;
			files = (
				B5CC8EFF27E5AA8F00071C69 /* Pods_WeatherForecastNCGR.framework in Frameworks */,
			);
			runOnlyForDeploymentPostprocessing = 0;
		};
/* End PBXFrameworksBuildPhase section */

/* Begin PBXGroup section */
		183A0E1582B498C2D2F05A9F /* Frameworks */ = {
			isa = PBXGroup;
			children = (
				70F4711CB998E7E0F1AF8057 /* Pods_WeatherForecastNCGR.framework */,
				B6EEA4D11738E338BB9FE71D /* Pods_WeatherForecastNCGR_WeatherForecastNCGRUITests.framework */,
				E390B8F8530030154DAE4C61 /* Pods_WeatherForecastNCGRTests.framework */,
			);
			name = Frameworks;
			sourceTree = "<group>";
		};
		B5898EC127E483CA0054A59C = {
			isa = PBXGroup;
			children = (
				B5898ECC27E483CA0054A59C /* WeatherForecastNCGR */,
				B5898EE327E483CC0054A59C /* WeatherForecastNCGRTests */,
				B5898EED27E483CC0054A59C /* WeatherForecastNCGRUITests */,
				B5898ECB27E483CA0054A59C /* Products */,
				C9B0EDD4302A2DF56CC887B0 /* Pods */,
				183A0E1582B498C2D2F05A9F /* Frameworks */,
			);
			sourceTree = "<group>";
		};
		B5898ECB27E483CA0054A59C /* Products */ = {
			isa = PBXGroup;
			children = (
				B5898ECA27E483CA0054A59C /* WeatherForecastNCGR.app */,
				B5898EE027E483CC0054A59C /* WeatherForecastNCGRTests.xctest */,
				B5898EEA27E483CC0054A59C /* WeatherForecastNCGRUITests.xctest */,
				B5CC8F0F27E5AA8F00071C69 /* WeatherForecastNCGRTest.app */,
			);
			name = Products;
			sourceTree = "<group>";
		};
		B5898ECC27E483CA0054A59C /* WeatherForecastNCGR */ = {
			isa = PBXGroup;
			children = (
				B5898EFD27E4846D0054A59C /* Support file */,
				B5898EFE27E484A90054A59C /* Networking */,
				B5898F0927E484A90054A59C /* Stores */,
				B5898F0A27E484A90054A59C /* Utils */,
				B5898F0D27E484AA0054A59C /* scenes */,
			);
			path = WeatherForecastNCGR;
			sourceTree = "<group>";
		};
		B5898EE327E483CC0054A59C /* WeatherForecastNCGRTests */ = {
			isa = PBXGroup;
			children = (
				B5898EE427E483CC0054A59C /* WeatherForecastNCGRTests.swift */,
			);
			path = WeatherForecastNCGRTests;
			sourceTree = "<group>";
		};
		B5898EED27E483CC0054A59C /* WeatherForecastNCGRUITests */ = {
			isa = PBXGroup;
			children = (
				B5898EEE27E483CC0054A59C /* WeatherForecastNCGRUITests.swift */,
				B5898EF027E483CC0054A59C /* WeatherForecastNCGRUITestsLaunchTests.swift */,
			);
			path = WeatherForecastNCGRUITests;
			sourceTree = "<group>";
		};
		B5898EFD27E4846D0054A59C /* Support file */ = {
			isa = PBXGroup;
			children = (
				B5898ECD27E483CA0054A59C /* AppDelegate.swift */,
				B5898ECF27E483CA0054A59C /* SceneDelegate.swift */,
				B5898ED627E483CC0054A59C /* Assets.xcassets */,
				B5898ED827E483CC0054A59C /* LaunchScreen.storyboard */,
				B5898EDB27E483CC0054A59C /* Info.plist */,
				B5CC8F1027E5AA9000071C69 /* WeatherForecastNCGRTest-Info.plist */,
				B5898F5327E486160054A59C /* Main.storyboard */,
				B5898F5427E486170054A59C /* ViewController.swift */,
				B5CC8EC527E5A5C700071C69 /* Test.xcconfig */,
				B5CC8EC627E5A69500071C69 /* Debug.xcconfig */,
			);
			name = "Support file";
			sourceTree = "<group>";
		};
		B5898EFE27E484A90054A59C /* Networking */ = {
			isa = PBXGroup;
			children = (
				B5898EFF27E484A90054A59C /* Details Service */,
				B5898F0227E484A90054A59C /* days Service */,
				B5898F0527E484A90054A59C /* Home Service */,
			);
			path = Networking;
			sourceTree = "<group>";
		};
		B5898EFF27E484A90054A59C /* Details Service */ = {
			isa = PBXGroup;
			children = (
				B5898F0027E484A90054A59C /* WeatherDetailsEndPoints.swift */,
				B5898F0127E484A90054A59C /* WeatherDetailsEndpointSpecifications.swift */,
				B5898F7627E4F7400054A59C /* WeatherDetailsResponceModel.swift */,
			);
			path = "Details Service";
			sourceTree = "<group>";
		};
		B5898F0227E484A90054A59C /* days Service */ = {
			isa = PBXGroup;
			children = (
				B5898F0327E484A90054A59C /* WeathetDaysEndpointSpecifications.swift */,
				B5898F0427E484A90054A59C /* WeathetDaysEndPoints.swift */,
				B5898F5727E486FC0054A59C /* DaysResponceModel.swift */,
			);
			path = "days Service";
			sourceTree = "<group>";
		};
		B5898F0527E484A90054A59C /* Home Service */ = {
			isa = PBXGroup;
			children = (
				B5898F0627E484A90054A59C /* HomeResponceModel.swift */,
				B5898F0727E484A90054A59C /* HomeEndPoints.swift */,
				B5898F0827E484A90054A59C /* HomeEndpointSpecifications.swift */,
			);
			path = "Home Service";
			sourceTree = "<group>";
		};
		B5898F0927E484A90054A59C /* Stores */ = {
			isa = PBXGroup;
			children = (
				B5898F5927E48CE70054A59C /* StoreManger.swift */,
			);
			path = Stores;
			sourceTree = "<group>";
		};
		B5898F0A27E484A90054A59C /* Utils */ = {
			isa = PBXGroup;
			children = (
				B5898F6227E4B2280054A59C /* InternetConnection.swift */,
				B5898F0B27E484A90054A59C /* WeatherForecastIndicator.swift */,
				B5898F0C27E484A90054A59C /* WeatherAlert.swift */,
				B5898F6027E49D9F0054A59C /* LoadImageManger.swift */,
			);
			path = Utils;
			sourceTree = "<group>";
		};
		B5898F0D27E484AA0054A59C /* scenes */ = {
			isa = PBXGroup;
			children = (
				B5898F0E27E484AA0054A59C /* Home */,
				B5898F2E27E484AA0054A59C /* Days */,
				B5898F2627E484AA0054A59C /* Details */,
			);
			path = scenes;
			sourceTree = "<group>";
		};
		B5898F0E27E484AA0054A59C /* Home */ = {
			isa = PBXGroup;
			children = (
				B5898F0F27E484AA0054A59C /* Presenter */,
				B5898F1327E484AA0054A59C /* View */,
				B5898F1627E484AA0054A59C /* Worker */,
				B5898F1E27E484AA0054A59C /* Interactor */,
				B5898F2227E484AA0054A59C /* Entities */,
				B5898F2427E484AA0054A59C /* Router */,
			);
			path = Home;
			sourceTree = "<group>";
		};
		B5898F0F27E484AA0054A59C /* Presenter */ = {
			isa = PBXGroup;
			children = (
				B5898F1027E484AA0054A59C /* Protocol */,
				B5898F1227E484AA0054A59C /* HomePresenter.swift */,
			);
			path = Presenter;
			sourceTree = "<group>";
		};
		B5898F1027E484AA0054A59C /* Protocol */ = {
			isa = PBXGroup;
			children = (
				B5898F1127E484AA0054A59C /* HomePresenterProtocol.swift */,
			);
			path = Protocol;
			sourceTree = "<group>";
		};
		B5898F1327E484AA0054A59C /* View */ = {
			isa = PBXGroup;
			children = (
				B5898F5B27E499E10054A59C /* SubViews */,
				B5898F1427E484AA0054A59C /* HomeViewController.xib */,
				B5898F1527E484AA0054A59C /* HomeViewController.swift */,
			);
			path = View;
			sourceTree = "<group>";
		};
		B5898F1627E484AA0054A59C /* Worker */ = {
			isa = PBXGroup;
			children = (
				B5898F1727E484AA0054A59C /* Protocol */,
				B5898F1A27E484AA0054A59C /* Local */,
				B5898F1C27E484AA0054A59C /* Remote */,
			);
			path = Worker;
			sourceTree = "<group>";
		};
		B5898F1727E484AA0054A59C /* Protocol */ = {
			isa = PBXGroup;
			children = (
				B5898F1827E484AA0054A59C /* HomeRemoteWorkerProtocols.swift */,
				B5898F1927E484AA0054A59C /* HomeLocalWorkerProtocols.swift */,
			);
			path = Protocol;
			sourceTree = "<group>";
		};
		B5898F1A27E484AA0054A59C /* Local */ = {
			isa = PBXGroup;
			children = (
				B5898F1B27E484AA0054A59C /* HomeLocalWorker.swift */,
			);
			path = Local;
			sourceTree = "<group>";
		};
		B5898F1C27E484AA0054A59C /* Remote */ = {
			isa = PBXGroup;
			children = (
				B5898F1D27E484AA0054A59C /* HomeRemoteWorker.swift */,
			);
			path = Remote;
			sourceTree = "<group>";
		};
		B5898F1E27E484AA0054A59C /* Interactor */ = {
			isa = PBXGroup;
			children = (
				B5898F1F27E484AA0054A59C /* HomeInteractor.swift */,
				B5898F2027E484AA0054A59C /* Protocol */,
			);
			path = Interactor;
			sourceTree = "<group>";
		};
		B5898F2027E484AA0054A59C /* Protocol */ = {
			isa = PBXGroup;
			children = (
				B5898F2127E484AA0054A59C /* HomeInteractorProtocol.swift */,
			);
			path = Protocol;
			sourceTree = "<group>";
		};
		B5898F2227E484AA0054A59C /* Entities */ = {
			isa = PBXGroup;
			children = (
				B5898F2327E484AA0054A59C /* HomeViewData.swift */,
			);
			path = Entities;
			sourceTree = "<group>";
		};
		B5898F2427E484AA0054A59C /* Router */ = {
			isa = PBXGroup;
			children = (
				B5898F2527E484AA0054A59C /* HomeRouter.swift */,
			);
			path = Router;
			sourceTree = "<group>";
		};
		B5898F2627E484AA0054A59C /* Details */ = {
			isa = PBXGroup;
			children = (
				B5898F2727E484AA0054A59C /* Model */,
				B5898F2927E484AA0054A59C /* view */,
				B5898F2C27E484AA0054A59C /* View Model */,
			);
			path = Details;
			sourceTree = "<group>";
		};
		B5898F2727E484AA0054A59C /* Model */ = {
			isa = PBXGroup;
			children = (
				B5898F2827E484AA0054A59C /* DetailsModel.swift */,
			);
			path = Model;
			sourceTree = "<group>";
		};
		B5898F2927E484AA0054A59C /* view */ = {
			isa = PBXGroup;
			children = (
				B5898F7827E4F82C0054A59C /* Sub View */,
				B5898F2A27E484AA0054A59C /* DetailsViewController.xib */,
				B5898F2B27E484AA0054A59C /* DetailsViewController.swift */,
			);
			path = view;
			sourceTree = "<group>";
		};
		B5898F2C27E484AA0054A59C /* View Model */ = {
			isa = PBXGroup;
			children = (
				B5898F2D27E484AA0054A59C /* DetailsViewModel.swift */,
			);
			path = "View Model";
			sourceTree = "<group>";
		};
		B5898F2E27E484AA0054A59C /* Days */ = {
			isa = PBXGroup;
			children = (
				B5898F2F27E484AA0054A59C /* Days View */,
				B5898F3227E484AA0054A59C /* Days View Model */,
				B5898F3427E484AA0054A59C /* Days Model */,
			);
			path = Days;
			sourceTree = "<group>";
		};
		B5898F2F27E484AA0054A59C /* Days View */ = {
			isa = PBXGroup;
			children = (
				B5898F6427E4BB720054A59C /* sub View */,
				B5898F3027E484AA0054A59C /* DaysViewController.xib */,
				B5898F3127E484AA0054A59C /* DaysViewController.swift */,
			);
			path = "Days View";
			sourceTree = "<group>";
		};
		B5898F3227E484AA0054A59C /* Days View Model */ = {
			isa = PBXGroup;
			children = (
				B5898F3327E484AA0054A59C /* DaysViewModel.swift */,
			);
			path = "Days View Model";
			sourceTree = "<group>";
		};
		B5898F3427E484AA0054A59C /* Days Model */ = {
			isa = PBXGroup;
			children = (
				B5898F3527E484AA0054A59C /* DaysModel.swift */,
			);
			path = "Days Model";
			sourceTree = "<group>";
		};
		B5898F5B27E499E10054A59C /* SubViews */ = {
			isa = PBXGroup;
			children = (
				B5898F5C27E499FF0054A59C /* HomeTableViewCell.swift */,
				B5898F5D27E499FF0054A59C /* HomeTableViewCell.xib */,
			);
			path = SubViews;
			sourceTree = "<group>";
		};
		B5898F6427E4BB720054A59C /* sub View */ = {
			isa = PBXGroup;
			children = (
				B5898F6627E4BB8A0054A59C /* DaysTableViewCell.swift */,
				B5898F6527E4BB8A0054A59C /* DaysTableViewCell.xib */,
			);
			path = "sub View";
			sourceTree = "<group>";
		};
		B5898F7827E4F82C0054A59C /* Sub View */ = {
			isa = PBXGroup;
			children = (
				B5898F7927E4F85E0054A59C /* DetailsTableViewCell.swift */,
				B5898F7A27E4F85E0054A59C /* DetailsTableViewCell.xib */,
			);
			path = "Sub View";
			sourceTree = "<group>";
		};
		C9B0EDD4302A2DF56CC887B0 /* Pods */ = {
			isa = PBXGroup;
			children = (
				BB999348509921012F91F4B0 /* Pods-WeatherForecastNCGR.debug.xcconfig */,
				625CEE0606227E88BF90144F /* Pods-WeatherForecastNCGR.release.xcconfig */,
				B4C2038613973427AB6AD8B6 /* Pods-WeatherForecastNCGR-WeatherForecastNCGRUITests.debug.xcconfig */,
				C80F467EF36F13BF38B8D18A /* Pods-WeatherForecastNCGR-WeatherForecastNCGRUITests.release.xcconfig */,
				E8C9FABDB4AB139F22248911 /* Pods-WeatherForecastNCGRTests.debug.xcconfig */,
				FFFC0BDC374ED28526B21B1E /* Pods-WeatherForecastNCGRTests.release.xcconfig */,
			);
			path = Pods;
			sourceTree = "<group>";
		};
/* End PBXGroup section */

/* Begin PBXNativeTarget section */
		B5898EC927E483CA0054A59C /* WeatherForecastNCGR */ = {
			isa = PBXNativeTarget;
			buildConfigurationList = B5898EF427E483CC0054A59C /* Build configuration list for PBXNativeTarget "WeatherForecastNCGR" */;
			buildPhases = (
				12F3D6761E50FE541D96F795 /* [CP] Check Pods Manifest.lock */,
				B5898EC627E483CA0054A59C /* Sources */,
				B5898EC727E483CA0054A59C /* Frameworks */,
				B5898EC827E483CA0054A59C /* Resources */,
				97C87A9B288FB1F00BC54694 /* [CP] Embed Pods Frameworks */,
			);
			buildRules = (
			);
			dependencies = (
			);
			name = WeatherForecastNCGR;
			productName = WeatherForecastNCGR;
			productReference = B5898ECA27E483CA0054A59C /* WeatherForecastNCGR.app */;
			productType = "com.apple.product-type.application";
		};
		B5898EDF27E483CC0054A59C /* WeatherForecastNCGRTests */ = {
			isa = PBXNativeTarget;
			buildConfigurationList = B5898EF727E483CC0054A59C /* Build configuration list for PBXNativeTarget "WeatherForecastNCGRTests" */;
			buildPhases = (
				01D35281273A5D06495147D5 /* [CP] Check Pods Manifest.lock */,
				B5898EDC27E483CC0054A59C /* Sources */,
				B5898EDD27E483CC0054A59C /* Frameworks */,
				B5898EDE27E483CC0054A59C /* Resources */,
			);
			buildRules = (
			);
			dependencies = (
				B5898EE227E483CC0054A59C /* PBXTargetDependency */,
			);
			name = WeatherForecastNCGRTests;
			productName = WeatherForecastNCGRTests;
			productReference = B5898EE027E483CC0054A59C /* WeatherForecastNCGRTests.xctest */;
			productType = "com.apple.product-type.bundle.unit-test";
		};
		B5898EE927E483CC0054A59C /* WeatherForecastNCGRUITests */ = {
			isa = PBXNativeTarget;
			buildConfigurationList = B5898EFA27E483CC0054A59C /* Build configuration list for PBXNativeTarget "WeatherForecastNCGRUITests" */;
			buildPhases = (
				9FEFA3DBFECDDAF352170AB6 /* [CP] Check Pods Manifest.lock */,
				B5898EE627E483CC0054A59C /* Sources */,
				B5898EE727E483CC0054A59C /* Frameworks */,
				B5898EE827E483CC0054A59C /* Resources */,
				E1327B8331BD159082D6E92D /* [CP] Embed Pods Frameworks */,
			);
			buildRules = (
			);
			dependencies = (
				B5898EEC27E483CC0054A59C /* PBXTargetDependency */,
			);
			name = WeatherForecastNCGRUITests;
			productName = WeatherForecastNCGRUITests;
			productReference = B5898EEA27E483CC0054A59C /* WeatherForecastNCGRUITests.xctest */;
			productType = "com.apple.product-type.bundle.ui-testing";
		};
		B5CC8ED627E5AA8F00071C69 /* WeatherForecastNCGRTest */ = {
			isa = PBXNativeTarget;
			buildConfigurationList = B5CC8F0B27E5AA8F00071C69 /* Build configuration list for PBXNativeTarget "WeatherForecastNCGRTest" */;
			buildPhases = (
				B5CC8ED727E5AA8F00071C69 /* [CP] Check Pods Manifest.lock */,
				B5CC8ED827E5AA8F00071C69 /* Sources */,
				B5CC8EFE27E5AA8F00071C69 /* Frameworks */,
				B5CC8F0027E5AA8F00071C69 /* Resources */,
				B5CC8F0A27E5AA8F00071C69 /* [CP] Embed Pods Frameworks */,
			);
			buildRules = (
			);
			dependencies = (
			);
			name = WeatherForecastNCGRTest;
			productName = WeatherForecastNCGR;
			productReference = B5CC8F0F27E5AA8F00071C69 /* WeatherForecastNCGRTest.app */;
			productType = "com.apple.product-type.application";
		};
/* End PBXNativeTarget section */

/* Begin PBXProject section */
		B5898EC227E483CA0054A59C /* Project object */ = {
			isa = PBXProject;
			attributes = {
				BuildIndependentTargetsInParallel = 1;
				LastSwiftUpdateCheck = 1320;
				LastUpgradeCheck = 1320;
				TargetAttributes = {
					B5898EC927E483CA0054A59C = {
						CreatedOnToolsVersion = 13.2.1;
					};
					B5898EDF27E483CC0054A59C = {
						CreatedOnToolsVersion = 13.2.1;
						TestTargetID = B5898EC927E483CA0054A59C;
					};
					B5898EE927E483CC0054A59C = {
						CreatedOnToolsVersion = 13.2.1;
						TestTargetID = B5898EC927E483CA0054A59C;
					};
				};
			};
			buildConfigurationList = B5898EC527E483CA0054A59C /* Build configuration list for PBXProject "WeatherForecastNCGR" */;
			compatibilityVersion = "Xcode 13.0";
			developmentRegion = en;
			hasScannedForEncodings = 0;
			knownRegions = (
				en,
				Base,
			);
			mainGroup = B5898EC127E483CA0054A59C;
			productRefGroup = B5898ECB27E483CA0054A59C /* Products */;
			projectDirPath = "";
			projectRoot = "";
			targets = (
				B5898EC927E483CA0054A59C /* WeatherForecastNCGR */,
				B5CC8ED627E5AA8F00071C69 /* WeatherForecastNCGRTest */,
				B5898EDF27E483CC0054A59C /* WeatherForecastNCGRTests */,
				B5898EE927E483CC0054A59C /* WeatherForecastNCGRUITests */,
			);
		};
/* End PBXProject section */

/* Begin PBXResourcesBuildPhase section */
		B5898EC827E483CA0054A59C /* Resources */ = {
			isa = PBXResourcesBuildPhase;
			buildActionMask = 2147483647;
			files = (
				B5898EDA27E483CC0054A59C /* LaunchScreen.storyboard in Resources */,
				B5898F5F27E499FF0054A59C /* HomeTableViewCell.xib in Resources */,
				B5898F6727E4BB8A0054A59C /* DaysTableViewCell.xib in Resources */,
				B5898ED727E483CC0054A59C /* Assets.xcassets in Resources */,
				B5898F4127E484AA0054A59C /* HomeViewController.xib in Resources */,
				B5898F7C27E4F85E0054A59C /* DetailsTableViewCell.xib in Resources */,
				B5898F5527E486170054A59C /* Main.storyboard in Resources */,
				B5898F4F27E484AA0054A59C /* DaysViewController.xib in Resources */,
				B5898F4C27E484AA0054A59C /* DetailsViewController.xib in Resources */,
			);
			runOnlyForDeploymentPostprocessing = 0;
		};
		B5898EDE27E483CC0054A59C /* Resources */ = {
			isa = PBXResourcesBuildPhase;
			buildActionMask = 2147483647;
			files = (
			);
			runOnlyForDeploymentPostprocessing = 0;
		};
		B5898EE827E483CC0054A59C /* Resources */ = {
			isa = PBXResourcesBuildPhase;
			buildActionMask = 2147483647;
			files = (
			);
			runOnlyForDeploymentPostprocessing = 0;
		};
		B5CC8F0027E5AA8F00071C69 /* Resources */ = {
			isa = PBXResourcesBuildPhase;
			buildActionMask = 2147483647;
			files = (
				B5CC8F0127E5AA8F00071C69 /* LaunchScreen.storyboard in Resources */,
				B5CC8F0227E5AA8F00071C69 /* HomeTableViewCell.xib in Resources */,
				B5CC8F0327E5AA8F00071C69 /* DaysTableViewCell.xib in Resources */,
				B5CC8F0427E5AA8F00071C69 /* Assets.xcassets in Resources */,
				B5CC8F0527E5AA8F00071C69 /* HomeViewController.xib in Resources */,
				B5CC8F0627E5AA8F00071C69 /* DetailsTableViewCell.xib in Resources */,
				B5CC8F0727E5AA8F00071C69 /* Main.storyboard in Resources */,
				B5CC8F0827E5AA8F00071C69 /* DaysViewController.xib in Resources */,
				B5CC8F0927E5AA8F00071C69 /* DetailsViewController.xib in Resources */,
			);
			runOnlyForDeploymentPostprocessing = 0;
		};
/* End PBXResourcesBuildPhase section */

/* Begin PBXShellScriptBuildPhase section */
		01D35281273A5D06495147D5 /* [CP] Check Pods Manifest.lock */ = {
			isa = PBXShellScriptBuildPhase;
			buildActionMask = 2147483647;
			files = (
			);
			inputFileListPaths = (
			);
			inputPaths = (
				"${PODS_PODFILE_DIR_PATH}/Podfile.lock",
				"${PODS_ROOT}/Manifest.lock",
			);
			name = "[CP] Check Pods Manifest.lock";
			outputFileListPaths = (
			);
			outputPaths = (
				"$(DERIVED_FILE_DIR)/Pods-WeatherForecastNCGRTests-checkManifestLockResult.txt",
			);
			runOnlyForDeploymentPostprocessing = 0;
			shellPath = /bin/sh;
			shellScript = "diff \"${PODS_PODFILE_DIR_PATH}/Podfile.lock\" \"${PODS_ROOT}/Manifest.lock\" > /dev/null\nif [ $? != 0 ] ; then\n    # print error to STDERR\n    echo \"error: The sandbox is not in sync with the Podfile.lock. Run 'pod install' or update your CocoaPods installation.\" >&2\n    exit 1\nfi\n# This output is used by Xcode 'outputs' to avoid re-running this script phase.\necho \"SUCCESS\" > \"${SCRIPT_OUTPUT_FILE_0}\"\n";
			showEnvVarsInLog = 0;
		};
		12F3D6761E50FE541D96F795 /* [CP] Check Pods Manifest.lock */ = {
			isa = PBXShellScriptBuildPhase;
			buildActionMask = 2147483647;
			files = (
			);
			inputFileListPaths = (
			);
			inputPaths = (
				"${PODS_PODFILE_DIR_PATH}/Podfile.lock",
				"${PODS_ROOT}/Manifest.lock",
			);
			name = "[CP] Check Pods Manifest.lock";
			outputFileListPaths = (
			);
			outputPaths = (
				"$(DERIVED_FILE_DIR)/Pods-WeatherForecastNCGR-checkManifestLockResult.txt",
			);
			runOnlyForDeploymentPostprocessing = 0;
			shellPath = /bin/sh;
			shellScript = "diff \"${PODS_PODFILE_DIR_PATH}/Podfile.lock\" \"${PODS_ROOT}/Manifest.lock\" > /dev/null\nif [ $? != 0 ] ; then\n    # print error to STDERR\n    echo \"error: The sandbox is not in sync with the Podfile.lock. Run 'pod install' or update your CocoaPods installation.\" >&2\n    exit 1\nfi\n# This output is used by Xcode 'outputs' to avoid re-running this script phase.\necho \"SUCCESS\" > \"${SCRIPT_OUTPUT_FILE_0}\"\n";
			showEnvVarsInLog = 0;
		};
		97C87A9B288FB1F00BC54694 /* [CP] Embed Pods Frameworks */ = {
			isa = PBXShellScriptBuildPhase;
			buildActionMask = 2147483647;
			files = (
			);
			inputFileListPaths = (
				"${PODS_ROOT}/Target Support Files/Pods-WeatherForecastNCGR/Pods-WeatherForecastNCGR-frameworks-${CONFIGURATION}-input-files.xcfilelist",
			);
			name = "[CP] Embed Pods Frameworks";
			outputFileListPaths = (
				"${PODS_ROOT}/Target Support Files/Pods-WeatherForecastNCGR/Pods-WeatherForecastNCGR-frameworks-${CONFIGURATION}-output-files.xcfilelist",
			);
			runOnlyForDeploymentPostprocessing = 0;
			shellPath = /bin/sh;
			shellScript = "\"${PODS_ROOT}/Target Support Files/Pods-WeatherForecastNCGR/Pods-WeatherForecastNCGR-frameworks.sh\"\n";
			showEnvVarsInLog = 0;
		};
		9FEFA3DBFECDDAF352170AB6 /* [CP] Check Pods Manifest.lock */ = {
			isa = PBXShellScriptBuildPhase;
			buildActionMask = 2147483647;
			files = (
			);
			inputFileListPaths = (
			);
			inputPaths = (
				"${PODS_PODFILE_DIR_PATH}/Podfile.lock",
				"${PODS_ROOT}/Manifest.lock",
			);
			name = "[CP] Check Pods Manifest.lock";
			outputFileListPaths = (
			);
			outputPaths = (
				"$(DERIVED_FILE_DIR)/Pods-WeatherForecastNCGR-WeatherForecastNCGRUITests-checkManifestLockResult.txt",
			);
			runOnlyForDeploymentPostprocessing = 0;
			shellPath = /bin/sh;
			shellScript = "diff \"${PODS_PODFILE_DIR_PATH}/Podfile.lock\" \"${PODS_ROOT}/Manifest.lock\" > /dev/null\nif [ $? != 0 ] ; then\n    # print error to STDERR\n    echo \"error: The sandbox is not in sync with the Podfile.lock. Run 'pod install' or update your CocoaPods installation.\" >&2\n    exit 1\nfi\n# This output is used by Xcode 'outputs' to avoid re-running this script phase.\necho \"SUCCESS\" > \"${SCRIPT_OUTPUT_FILE_0}\"\n";
			showEnvVarsInLog = 0;
		};
		B5CC8ED727E5AA8F00071C69 /* [CP] Check Pods Manifest.lock */ = {
			isa = PBXShellScriptBuildPhase;
			buildActionMask = 2147483647;
			files = (
			);
			inputFileListPaths = (
			);
			inputPaths = (
				"${PODS_PODFILE_DIR_PATH}/Podfile.lock",
				"${PODS_ROOT}/Manifest.lock",
			);
			name = "[CP] Check Pods Manifest.lock";
			outputFileListPaths = (
			);
			outputPaths = (
				"$(DERIVED_FILE_DIR)/Pods-WeatherForecastNCGR-checkManifestLockResult.txt",
			);
			runOnlyForDeploymentPostprocessing = 0;
			shellPath = /bin/sh;
			shellScript = "diff \"${PODS_PODFILE_DIR_PATH}/Podfile.lock\" \"${PODS_ROOT}/Manifest.lock\" > /dev/null\nif [ $? != 0 ] ; then\n    # print error to STDERR\n    echo \"error: The sandbox is not in sync with the Podfile.lock. Run 'pod install' or update your CocoaPods installation.\" >&2\n    exit 1\nfi\n# This output is used by Xcode 'outputs' to avoid re-running this script phase.\necho \"SUCCESS\" > \"${SCRIPT_OUTPUT_FILE_0}\"\n";
			showEnvVarsInLog = 0;
		};
		B5CC8F0A27E5AA8F00071C69 /* [CP] Embed Pods Frameworks */ = {
			isa = PBXShellScriptBuildPhase;
			buildActionMask = 2147483647;
			files = (
			);
			inputFileListPaths = (
				"${PODS_ROOT}/Target Support Files/Pods-WeatherForecastNCGR/Pods-WeatherForecastNCGR-frameworks-${CONFIGURATION}-input-files.xcfilelist",
			);
			name = "[CP] Embed Pods Frameworks";
			outputFileListPaths = (
				"${PODS_ROOT}/Target Support Files/Pods-WeatherForecastNCGR/Pods-WeatherForecastNCGR-frameworks-${CONFIGURATION}-output-files.xcfilelist",
			);
			runOnlyForDeploymentPostprocessing = 0;
			shellPath = /bin/sh;
			shellScript = "\"${PODS_ROOT}/Target Support Files/Pods-WeatherForecastNCGR/Pods-WeatherForecastNCGR-frameworks.sh\"\n";
			showEnvVarsInLog = 0;
		};
		E1327B8331BD159082D6E92D /* [CP] Embed Pods Frameworks */ = {
			isa = PBXShellScriptBuildPhase;
			buildActionMask = 2147483647;
			files = (
			);
			inputFileListPaths = (
				"${PODS_ROOT}/Target Support Files/Pods-WeatherForecastNCGR-WeatherForecastNCGRUITests/Pods-WeatherForecastNCGR-WeatherForecastNCGRUITests-frameworks-${CONFIGURATION}-input-files.xcfilelist",
			);
			name = "[CP] Embed Pods Frameworks";
			outputFileListPaths = (
				"${PODS_ROOT}/Target Support Files/Pods-WeatherForecastNCGR-WeatherForecastNCGRUITests/Pods-WeatherForecastNCGR-WeatherForecastNCGRUITests-frameworks-${CONFIGURATION}-output-files.xcfilelist",
			);
			runOnlyForDeploymentPostprocessing = 0;
			shellPath = /bin/sh;
			shellScript = "\"${PODS_ROOT}/Target Support Files/Pods-WeatherForecastNCGR-WeatherForecastNCGRUITests/Pods-WeatherForecastNCGR-WeatherForecastNCGRUITests-frameworks.sh\"\n";
			showEnvVarsInLog = 0;
		};
/* End PBXShellScriptBuildPhase section */

/* Begin PBXSourcesBuildPhase section */
		B5898EC627E483CA0054A59C /* Sources */ = {
			isa = PBXSourcesBuildPhase;
			buildActionMask = 2147483647;
			files = (
				B5898F3E27E484AA0054A59C /* WeatherAlert.swift in Sources */,
				B5898F7B27E4F85E0054A59C /* DetailsTableViewCell.swift in Sources */,
				B5898F4727E484AA0054A59C /* HomeInteractor.swift in Sources */,
				B5898F4927E484AA0054A59C /* HomeViewData.swift in Sources */,
				B5898F5027E484AA0054A59C /* DaysViewController.swift in Sources */,
				B5898F3727E484AA0054A59C /* WeatherDetailsEndpointSpecifications.swift in Sources */,
				B5898F5827E486FC0054A59C /* DaysResponceModel.swift in Sources */,
				B5898F7727E4F7400054A59C /* WeatherDetailsResponceModel.swift in Sources */,
				B5898F3627E484AA0054A59C /* WeatherDetailsEndPoints.swift in Sources */,
				B5898F3927E484AA0054A59C /* WeathetDaysEndPoints.swift in Sources */,
				B5898F3B27E484AA0054A59C /* HomeEndPoints.swift in Sources */,
				B5898F4327E484AA0054A59C /* HomeRemoteWorkerProtocols.swift in Sources */,
				B5898F4227E484AA0054A59C /* HomeViewController.swift in Sources */,
				B5898ECE27E483CA0054A59C /* AppDelegate.swift in Sources */,
				B5898F4827E484AA0054A59C /* HomeInteractorProtocol.swift in Sources */,
				B5898F5227E484AA0054A59C /* DaysModel.swift in Sources */,
				B5898F4D27E484AA0054A59C /* DetailsViewController.swift in Sources */,
				B5898F4E27E484AA0054A59C /* DetailsViewModel.swift in Sources */,
				B5898F6827E4BB8A0054A59C /* DaysTableViewCell.swift in Sources */,
				B5898F4B27E484AA0054A59C /* DetailsModel.swift in Sources */,
				B5898ED027E483CA0054A59C /* SceneDelegate.swift in Sources */,
				B5898F3827E484AA0054A59C /* WeathetDaysEndpointSpecifications.swift in Sources */,
				B5898F4527E484AA0054A59C /* HomeLocalWorker.swift in Sources */,
				B5898F3D27E484AA0054A59C /* WeatherForecastIndicator.swift in Sources */,
				B5898F5627E486170054A59C /* ViewController.swift in Sources */,
				B5898F6327E4B2280054A59C /* InternetConnection.swift in Sources */,
				B5898F4027E484AA0054A59C /* HomePresenter.swift in Sources */,
				B5898F4427E484AA0054A59C /* HomeLocalWorkerProtocols.swift in Sources */,
				B5898F5127E484AA0054A59C /* DaysViewModel.swift in Sources */,
				B5898F4627E484AA0054A59C /* HomeRemoteWorker.swift in Sources */,
				B5898F3F27E484AA0054A59C /* HomePresenterProtocol.swift in Sources */,
				B5898F3A27E484AA0054A59C /* HomeResponceModel.swift in Sources */,
				B5898F5A27E48CE70054A59C /* StoreManger.swift in Sources */,
				B5898F6127E49D9F0054A59C /* LoadImageManger.swift in Sources */,
				B5898F3C27E484AA0054A59C /* HomeEndpointSpecifications.swift in Sources */,
				B5898F5E27E499FF0054A59C /* HomeTableViewCell.swift in Sources */,
				B5898F4A27E484AA0054A59C /* HomeRouter.swift in Sources */,
			);
			runOnlyForDeploymentPostprocessing = 0;
		};
		B5898EDC27E483CC0054A59C /* Sources */ = {
			isa = PBXSourcesBuildPhase;
			buildActionMask = 2147483647;
			files = (
				B5898EE527E483CC0054A59C /* WeatherForecastNCGRTests.swift in Sources */,
			);
			runOnlyForDeploymentPostprocessing = 0;
		};
		B5898EE627E483CC0054A59C /* Sources */ = {
			isa = PBXSourcesBuildPhase;
			buildActionMask = 2147483647;
			files = (
				B5898EF127E483CC0054A59C /* WeatherForecastNCGRUITestsLaunchTests.swift in Sources */,
				B5898EEF27E483CC0054A59C /* WeatherForecastNCGRUITests.swift in Sources */,
			);
			runOnlyForDeploymentPostprocessing = 0;
		};
		B5CC8ED827E5AA8F00071C69 /* Sources */ = {
			isa = PBXSourcesBuildPhase;
			buildActionMask = 2147483647;
			files = (
				B5CC8ED927E5AA8F00071C69 /* WeatherAlert.swift in Sources */,
				B5CC8EDA27E5AA8F00071C69 /* DetailsTableViewCell.swift in Sources */,
				B5CC8EDB27E5AA8F00071C69 /* HomeInteractor.swift in Sources */,
				B5CC8EDC27E5AA8F00071C69 /* HomeViewData.swift in Sources */,
				B5CC8EDD27E5AA8F00071C69 /* DaysViewController.swift in Sources */,
				B5CC8EDE27E5AA8F00071C69 /* WeatherDetailsEndpointSpecifications.swift in Sources */,
				B5CC8EDF27E5AA8F00071C69 /* DaysResponceModel.swift in Sources */,
				B5CC8EE027E5AA8F00071C69 /* WeatherDetailsResponceModel.swift in Sources */,
				B5CC8EE127E5AA8F00071C69 /* WeatherDetailsEndPoints.swift in Sources */,
				B5CC8EE227E5AA8F00071C69 /* WeathetDaysEndPoints.swift in Sources */,
				B5CC8EE327E5AA8F00071C69 /* HomeEndPoints.swift in Sources */,
				B5CC8EE427E5AA8F00071C69 /* HomeRemoteWorkerProtocols.swift in Sources */,
				B5CC8EE527E5AA8F00071C69 /* HomeViewController.swift in Sources */,
				B5CC8EE627E5AA8F00071C69 /* AppDelegate.swift in Sources */,
				B5CC8EE727E5AA8F00071C69 /* HomeInteractorProtocol.swift in Sources */,
				B5CC8EE827E5AA8F00071C69 /* DaysModel.swift in Sources */,
				B5CC8EE927E5AA8F00071C69 /* DetailsViewController.swift in Sources */,
				B5CC8EEA27E5AA8F00071C69 /* DetailsViewModel.swift in Sources */,
				B5CC8EEB27E5AA8F00071C69 /* DaysTableViewCell.swift in Sources */,
				B5CC8EEC27E5AA8F00071C69 /* DetailsModel.swift in Sources */,
				B5CC8EED27E5AA8F00071C69 /* SceneDelegate.swift in Sources */,
				B5CC8EEE27E5AA8F00071C69 /* WeathetDaysEndpointSpecifications.swift in Sources */,
				B5CC8EEF27E5AA8F00071C69 /* HomeLocalWorker.swift in Sources */,
				B5CC8EF027E5AA8F00071C69 /* WeatherForecastIndicator.swift in Sources */,
				B5CC8EF127E5AA8F00071C69 /* ViewController.swift in Sources */,
				B5CC8EF227E5AA8F00071C69 /* InternetConnection.swift in Sources */,
				B5CC8EF327E5AA8F00071C69 /* HomePresenter.swift in Sources */,
				B5CC8EF427E5AA8F00071C69 /* HomeLocalWorkerProtocols.swift in Sources */,
				B5CC8EF527E5AA8F00071C69 /* DaysViewModel.swift in Sources */,
				B5CC8EF627E5AA8F00071C69 /* HomeRemoteWorker.swift in Sources */,
				B5CC8EF727E5AA8F00071C69 /* HomePresenterProtocol.swift in Sources */,
				B5CC8EF827E5AA8F00071C69 /* HomeResponceModel.swift in Sources */,
				B5CC8EF927E5AA8F00071C69 /* StoreManger.swift in Sources */,
				B5CC8EFA27E5AA8F00071C69 /* LoadImageManger.swift in Sources */,
				B5CC8EFB27E5AA8F00071C69 /* HomeEndpointSpecifications.swift in Sources */,
				B5CC8EFC27E5AA8F00071C69 /* HomeTableViewCell.swift in Sources */,
				B5CC8EFD27E5AA8F00071C69 /* HomeRouter.swift in Sources */,
			);
			runOnlyForDeploymentPostprocessing = 0;
		};
/* End PBXSourcesBuildPhase section */

/* Begin PBXTargetDependency section */
		B5898EE227E483CC0054A59C /* PBXTargetDependency */ = {
			isa = PBXTargetDependency;
			target = B5898EC927E483CA0054A59C /* WeatherForecastNCGR */;
			targetProxy = B5898EE127E483CC0054A59C /* PBXContainerItemProxy */;
		};
		B5898EEC27E483CC0054A59C /* PBXTargetDependency */ = {
			isa = PBXTargetDependency;
			target = B5898EC927E483CA0054A59C /* WeatherForecastNCGR */;
			targetProxy = B5898EEB27E483CC0054A59C /* PBXContainerItemProxy */;
		};
/* End PBXTargetDependency section */

/* Begin PBXVariantGroup section */
		B5898ED827E483CC0054A59C /* LaunchScreen.storyboard */ = {
			isa = PBXVariantGroup;
			children = (
				B5898ED927E483CC0054A59C /* Base */,
			);
			name = LaunchScreen.storyboard;
			sourceTree = "<group>";
		};
/* End PBXVariantGroup section */

/* Begin XCBuildConfiguration section */
		B5898EF227E483CC0054A59C /* Debug */ = {
			isa = XCBuildConfiguration;
			baseConfigurationReference = B5CC8EC627E5A69500071C69 /* Debug.xcconfig */;
			buildSettings = {
				ALWAYS_SEARCH_USER_PATHS = NO;
				CLANG_ANALYZER_NONNULL = YES;
				CLANG_ANALYZER_NUMBER_OBJECT_CONVERSION = YES_AGGRESSIVE;
				CLANG_CXX_LANGUAGE_STANDARD = "gnu++17";
				CLANG_CXX_LIBRARY = "libc++";
				CLANG_ENABLE_MODULES = YES;
				CLANG_ENABLE_OBJC_ARC = YES;
				CLANG_ENABLE_OBJC_WEAK = YES;
				CLANG_WARN_BLOCK_CAPTURE_AUTORELEASING = YES;
				CLANG_WARN_BOOL_CONVERSION = YES;
				CLANG_WARN_COMMA = YES;
				CLANG_WARN_CONSTANT_CONVERSION = YES;
				CLANG_WARN_DEPRECATED_OBJC_IMPLEMENTATIONS = YES;
				CLANG_WARN_DIRECT_OBJC_ISA_USAGE = YES_ERROR;
				CLANG_WARN_DOCUMENTATION_COMMENTS = YES;
				CLANG_WARN_EMPTY_BODY = YES;
				CLANG_WARN_ENUM_CONVERSION = YES;
				CLANG_WARN_INFINITE_RECURSION = YES;
				CLANG_WARN_INT_CONVERSION = YES;
				CLANG_WARN_NON_LITERAL_NULL_CONVERSION = YES;
				CLANG_WARN_OBJC_IMPLICIT_RETAIN_SELF = YES;
				CLANG_WARN_OBJC_LITERAL_CONVERSION = YES;
				CLANG_WARN_OBJC_ROOT_CLASS = YES_ERROR;
				CLANG_WARN_QUOTED_INCLUDE_IN_FRAMEWORK_HEADER = YES;
				CLANG_WARN_RANGE_LOOP_ANALYSIS = YES;
				CLANG_WARN_STRICT_PROTOTYPES = YES;
				CLANG_WARN_SUSPICIOUS_MOVE = YES;
				CLANG_WARN_UNGUARDED_AVAILABILITY = YES_AGGRESSIVE;
				CLANG_WARN_UNREACHABLE_CODE = YES;
				CLANG_WARN__DUPLICATE_METHOD_MATCH = YES;
				COPY_PHASE_STRIP = NO;
				DEBUG_INFORMATION_FORMAT = dwarf;
				ENABLE_STRICT_OBJC_MSGSEND = YES;
				ENABLE_TESTABILITY = YES;
				GCC_C_LANGUAGE_STANDARD = gnu11;
				GCC_DYNAMIC_NO_PIC = NO;
				GCC_NO_COMMON_BLOCKS = YES;
				GCC_OPTIMIZATION_LEVEL = 0;
				GCC_PREPROCESSOR_DEFINITIONS = (
					"DEBUG=1",
					"$(inherited)",
				);
				GCC_WARN_64_TO_32_BIT_CONVERSION = YES;
				GCC_WARN_ABOUT_RETURN_TYPE = YES_ERROR;
				GCC_WARN_UNDECLARED_SELECTOR = YES;
				GCC_WARN_UNINITIALIZED_AUTOS = YES_AGGRESSIVE;
				GCC_WARN_UNUSED_FUNCTION = YES;
				GCC_WARN_UNUSED_VARIABLE = YES;
				IPHONEOS_DEPLOYMENT_TARGET = 15.2;
				MTL_ENABLE_DEBUG_INFO = INCLUDE_SOURCE;
				MTL_FAST_MATH = YES;
				ONLY_ACTIVE_ARCH = YES;
				SDKROOT = iphoneos;
				SWIFT_ACTIVE_COMPILATION_CONDITIONS = DEBUG;
				SWIFT_OPTIMIZATION_LEVEL = "-Onone";
			};
			name = Debug;
		};
		B5898EF327E483CC0054A59C /* Release */ = {
			isa = XCBuildConfiguration;
			buildSettings = {
				ALWAYS_SEARCH_USER_PATHS = NO;
				CLANG_ANALYZER_NONNULL = YES;
				CLANG_ANALYZER_NUMBER_OBJECT_CONVERSION = YES_AGGRESSIVE;
				CLANG_CXX_LANGUAGE_STANDARD = "gnu++17";
				CLANG_CXX_LIBRARY = "libc++";
				CLANG_ENABLE_MODULES = YES;
				CLANG_ENABLE_OBJC_ARC = YES;
				CLANG_ENABLE_OBJC_WEAK = YES;
				CLANG_WARN_BLOCK_CAPTURE_AUTORELEASING = YES;
				CLANG_WARN_BOOL_CONVERSION = YES;
				CLANG_WARN_COMMA = YES;
				CLANG_WARN_CONSTANT_CONVERSION = YES;
				CLANG_WARN_DEPRECATED_OBJC_IMPLEMENTATIONS = YES;
				CLANG_WARN_DIRECT_OBJC_ISA_USAGE = YES_ERROR;
				CLANG_WARN_DOCUMENTATION_COMMENTS = YES;
				CLANG_WARN_EMPTY_BODY = YES;
				CLANG_WARN_ENUM_CONVERSION = YES;
				CLANG_WARN_INFINITE_RECURSION = YES;
				CLANG_WARN_INT_CONVERSION = YES;
				CLANG_WARN_NON_LITERAL_NULL_CONVERSION = YES;
				CLANG_WARN_OBJC_IMPLICIT_RETAIN_SELF = YES;
				CLANG_WARN_OBJC_LITERAL_CONVERSION = YES;
				CLANG_WARN_OBJC_ROOT_CLASS = YES_ERROR;
				CLANG_WARN_QUOTED_INCLUDE_IN_FRAMEWORK_HEADER = YES;
				CLANG_WARN_RANGE_LOOP_ANALYSIS = YES;
				CLANG_WARN_STRICT_PROTOTYPES = YES;
				CLANG_WARN_SUSPICIOUS_MOVE = YES;
				CLANG_WARN_UNGUARDED_AVAILABILITY = YES_AGGRESSIVE;
				CLANG_WARN_UNREACHABLE_CODE = YES;
				CLANG_WARN__DUPLICATE_METHOD_MATCH = YES;
				COPY_PHASE_STRIP = NO;
				DEBUG_INFORMATION_FORMAT = "dwarf-with-dsym";
				ENABLE_NS_ASSERTIONS = NO;
				ENABLE_STRICT_OBJC_MSGSEND = YES;
				GCC_C_LANGUAGE_STANDARD = gnu11;
				GCC_NO_COMMON_BLOCKS = YES;
				GCC_WARN_64_TO_32_BIT_CONVERSION = YES;
				GCC_WARN_ABOUT_RETURN_TYPE = YES_ERROR;
				GCC_WARN_UNDECLARED_SELECTOR = YES;
				GCC_WARN_UNINITIALIZED_AUTOS = YES_AGGRESSIVE;
				GCC_WARN_UNUSED_FUNCTION = YES;
				GCC_WARN_UNUSED_VARIABLE = YES;
				IPHONEOS_DEPLOYMENT_TARGET = 15.2;
				MTL_ENABLE_DEBUG_INFO = NO;
				MTL_FAST_MATH = YES;
				SDKROOT = iphoneos;
				SWIFT_COMPILATION_MODE = wholemodule;
				SWIFT_OPTIMIZATION_LEVEL = "-O";
				VALIDATE_PRODUCT = YES;
			};
			name = Release;
		};
		B5898EF527E483CC0054A59C /* Debug */ = {
			isa = XCBuildConfiguration;
			baseConfigurationReference = BB999348509921012F91F4B0 /* Pods-WeatherForecastNCGR.debug.xcconfig */;
			buildSettings = {
				ASSETCATALOG_COMPILER_APPICON_NAME = AppIcon;
				ASSETCATALOG_COMPILER_GLOBAL_ACCENT_COLOR_NAME = AccentColor;
				CODE_SIGN_STYLE = Automatic;
				CURRENT_PROJECT_VERSION = 1;
				DEVELOPMENT_TEAM = 62F9LK6975;
				GENERATE_INFOPLIST_FILE = YES;
				INFOPLIST_FILE = WeatherForecastNCGR/Info.plist;
				INFOPLIST_KEY_UIApplicationSupportsIndirectInputEvents = YES;
				INFOPLIST_KEY_UILaunchStoryboardName = LaunchScreen;
				INFOPLIST_KEY_UISupportedInterfaceOrientations_iPad = "UIInterfaceOrientationPortrait UIInterfaceOrientationPortraitUpsideDown UIInterfaceOrientationLandscapeLeft UIInterfaceOrientationLandscapeRight";
				INFOPLIST_KEY_UISupportedInterfaceOrientations_iPhone = "UIInterfaceOrientationPortrait UIInterfaceOrientationLandscapeLeft UIInterfaceOrientationLandscapeRight";
				INFOPLIST_KEY_UIUserInterfaceStyle = Light;
				LD_RUNPATH_SEARCH_PATHS = (
					"$(inherited)",
					"@executable_path/Frameworks",
				);
				MARKETING_VERSION = 1.0;
				PRODUCT_BUNDLE_IDENTIFIER = MH.WeatherForecastNCGR;
				PRODUCT_NAME = "$(TARGET_NAME)";
				SWIFT_EMIT_LOC_STRINGS = YES;
				SWIFT_VERSION = 5.0;
				TARGETED_DEVICE_FAMILY = "1,2";
			};
			name = Debug;
		};
		B5898EF627E483CC0054A59C /* Release */ = {
			isa = XCBuildConfiguration;
			baseConfigurationReference = 625CEE0606227E88BF90144F /* Pods-WeatherForecastNCGR.release.xcconfig */;
			buildSettings = {
				ASSETCATALOG_COMPILER_APPICON_NAME = AppIcon;
				ASSETCATALOG_COMPILER_GLOBAL_ACCENT_COLOR_NAME = AccentColor;
				CODE_SIGN_STYLE = Automatic;
				CURRENT_PROJECT_VERSION = 1;
				DEVELOPMENT_TEAM = 62F9LK6975;
				GENERATE_INFOPLIST_FILE = YES;
				INFOPLIST_FILE = WeatherForecastNCGR/Info.plist;
				INFOPLIST_KEY_UIApplicationSupportsIndirectInputEvents = YES;
				INFOPLIST_KEY_UILaunchStoryboardName = LaunchScreen;
				INFOPLIST_KEY_UISupportedInterfaceOrientations_iPad = "UIInterfaceOrientationPortrait UIInterfaceOrientationPortraitUpsideDown UIInterfaceOrientationLandscapeLeft UIInterfaceOrientationLandscapeRight";
				INFOPLIST_KEY_UISupportedInterfaceOrientations_iPhone = "UIInterfaceOrientationPortrait UIInterfaceOrientationLandscapeLeft UIInterfaceOrientationLandscapeRight";
				INFOPLIST_KEY_UIUserInterfaceStyle = Light;
				LD_RUNPATH_SEARCH_PATHS = (
					"$(inherited)",
					"@executable_path/Frameworks",
				);
				MARKETING_VERSION = 1.0;
				PRODUCT_BUNDLE_IDENTIFIER = MH.WeatherForecastNCGR;
				PRODUCT_NAME = "$(TARGET_NAME)";
				SWIFT_EMIT_LOC_STRINGS = YES;
				SWIFT_VERSION = 5.0;
				TARGETED_DEVICE_FAMILY = "1,2";
			};
			name = Release;
		};
		B5898EF827E483CC0054A59C /* Debug */ = {
			isa = XCBuildConfiguration;
			baseConfigurationReference = E8C9FABDB4AB139F22248911 /* Pods-WeatherForecastNCGRTests.debug.xcconfig */;
			buildSettings = {
				ALWAYS_EMBED_SWIFT_STANDARD_LIBRARIES = YES;
				BUNDLE_LOADER = "$(TEST_HOST)";
				CODE_SIGN_STYLE = Automatic;
				CURRENT_PROJECT_VERSION = 1;
				DEVELOPMENT_TEAM = 62F9LK6975;
				GENERATE_INFOPLIST_FILE = YES;
				IPHONEOS_DEPLOYMENT_TARGET = 15.2;
				MARKETING_VERSION = 1.0;
				PRODUCT_BUNDLE_IDENTIFIER = MH.WeatherForecastNCGRTests;
				PRODUCT_NAME = "$(TARGET_NAME)";
				SWIFT_EMIT_LOC_STRINGS = NO;
				SWIFT_VERSION = 5.0;
				TARGETED_DEVICE_FAMILY = "1,2";
				TEST_HOST = "$(BUILT_PRODUCTS_DIR)/WeatherForecastNCGR.app/WeatherForecastNCGR";
			};
			name = Debug;
		};
		B5898EF927E483CC0054A59C /* Release */ = {
			isa = XCBuildConfiguration;
			baseConfigurationReference = FFFC0BDC374ED28526B21B1E /* Pods-WeatherForecastNCGRTests.release.xcconfig */;
			buildSettings = {
				ALWAYS_EMBED_SWIFT_STANDARD_LIBRARIES = YES;
				BUNDLE_LOADER = "$(TEST_HOST)";
				CODE_SIGN_STYLE = Automatic;
				CURRENT_PROJECT_VERSION = 1;
				DEVELOPMENT_TEAM = 62F9LK6975;
				GENERATE_INFOPLIST_FILE = YES;
				IPHONEOS_DEPLOYMENT_TARGET = 15.2;
				MARKETING_VERSION = 1.0;
				PRODUCT_BUNDLE_IDENTIFIER = MH.WeatherForecastNCGRTests;
				PRODUCT_NAME = "$(TARGET_NAME)";
				SWIFT_EMIT_LOC_STRINGS = NO;
				SWIFT_VERSION = 5.0;
				TARGETED_DEVICE_FAMILY = "1,2";
				TEST_HOST = "$(BUILT_PRODUCTS_DIR)/WeatherForecastNCGR.app/WeatherForecastNCGR";
			};
			name = Release;
		};
		B5898EFB27E483CC0054A59C /* Debug */ = {
			isa = XCBuildConfiguration;
			baseConfigurationReference = B4C2038613973427AB6AD8B6 /* Pods-WeatherForecastNCGR-WeatherForecastNCGRUITests.debug.xcconfig */;
			buildSettings = {
				ALWAYS_EMBED_SWIFT_STANDARD_LIBRARIES = YES;
				CODE_SIGN_STYLE = Automatic;
				CURRENT_PROJECT_VERSION = 1;
				DEVELOPMENT_TEAM = 62F9LK6975;
				GENERATE_INFOPLIST_FILE = YES;
				MARKETING_VERSION = 1.0;
				PRODUCT_BUNDLE_IDENTIFIER = MH.WeatherForecastNCGRUITests;
				PRODUCT_NAME = "$(TARGET_NAME)";
				SWIFT_EMIT_LOC_STRINGS = NO;
				SWIFT_VERSION = 5.0;
				TARGETED_DEVICE_FAMILY = "1,2";
				TEST_TARGET_NAME = WeatherForecastNCGR;
			};
			name = Debug;
		};
		B5898EFC27E483CC0054A59C /* Release */ = {
			isa = XCBuildConfiguration;
			baseConfigurationReference = C80F467EF36F13BF38B8D18A /* Pods-WeatherForecastNCGR-WeatherForecastNCGRUITests.release.xcconfig */;
			buildSettings = {
				ALWAYS_EMBED_SWIFT_STANDARD_LIBRARIES = YES;
				CODE_SIGN_STYLE = Automatic;
				CURRENT_PROJECT_VERSION = 1;
				DEVELOPMENT_TEAM = 62F9LK6975;
				GENERATE_INFOPLIST_FILE = YES;
				MARKETING_VERSION = 1.0;
				PRODUCT_BUNDLE_IDENTIFIER = MH.WeatherForecastNCGRUITests;
				PRODUCT_NAME = "$(TARGET_NAME)";
				SWIFT_EMIT_LOC_STRINGS = NO;
				SWIFT_VERSION = 5.0;
				TARGETED_DEVICE_FAMILY = "1,2";
				TEST_TARGET_NAME = WeatherForecastNCGR;
			};
			name = Release;
		};
		B5CC8F0C27E5AA8F00071C69 /* Debug */ = {
			isa = XCBuildConfiguration;
			baseConfigurationReference = BB999348509921012F91F4B0 /* Pods-WeatherForecastNCGR.debug.xcconfig */;
			buildSettings = {
				ASSETCATALOG_COMPILER_APPICON_NAME = AppIcon;
				ASSETCATALOG_COMPILER_GLOBAL_ACCENT_COLOR_NAME = AccentColor;
				CODE_SIGN_STYLE = Automatic;
				CURRENT_PROJECT_VERSION = 1;
				DEVELOPMENT_TEAM = 62F9LK6975;
				GENERATE_INFOPLIST_FILE = YES;
				INFOPLIST_FILE = "WeatherForecastNCGRTest-Info.plist";
				INFOPLIST_KEY_UIApplicationSupportsIndirectInputEvents = YES;
				INFOPLIST_KEY_UILaunchStoryboardName = LaunchScreen;
				INFOPLIST_KEY_UISupportedInterfaceOrientations_iPad = "UIInterfaceOrientationPortrait UIInterfaceOrientationPortraitUpsideDown UIInterfaceOrientationLandscapeLeft UIInterfaceOrientationLandscapeRight";
				INFOPLIST_KEY_UISupportedInterfaceOrientations_iPhone = "UIInterfaceOrientationPortrait UIInterfaceOrientationLandscapeLeft UIInterfaceOrientationLandscapeRight";
				INFOPLIST_KEY_UIUserInterfaceStyle = Light;
				LD_RUNPATH_SEARCH_PATHS = (
					"$(inherited)",
					"@executable_path/Frameworks",
				);
				MARKETING_VERSION = 1.0;
				PRODUCT_BUNDLE_IDENTIFIER = MH.WeatherForecastNCGR;
				PRODUCT_NAME = "$(TARGET_NAME)";
				SWIFT_EMIT_LOC_STRINGS = YES;
				SWIFT_VERSION = 5.0;
				TARGETED_DEVICE_FAMILY = "1,2";
			};
			name = Debug;
		};
		B5CC8F0E27E5AA8F00071C69 /* Release */ = {
			isa = XCBuildConfiguration;
			baseConfigurationReference = 625CEE0606227E88BF90144F /* Pods-WeatherForecastNCGR.release.xcconfig */;
			buildSettings = {
				ASSETCATALOG_COMPILER_APPICON_NAME = AppIcon;
				ASSETCATALOG_COMPILER_GLOBAL_ACCENT_COLOR_NAME = AccentColor;
				CODE_SIGN_STYLE = Automatic;
				CURRENT_PROJECT_VERSION = 1;
				DEVELOPMENT_TEAM = 62F9LK6975;
				GENERATE_INFOPLIST_FILE = YES;
				INFOPLIST_FILE = "WeatherForecastNCGRTest-Info.plist";
				INFOPLIST_KEY_UIApplicationSupportsIndirectInputEvents = YES;
				INFOPLIST_KEY_UILaunchStoryboardName = LaunchScreen;
				INFOPLIST_KEY_UISupportedInterfaceOrientations_iPad = "UIInterfaceOrientationPortrait UIInterfaceOrientationPortraitUpsideDown UIInterfaceOrientationLandscapeLeft UIInterfaceOrientationLandscapeRight";
				INFOPLIST_KEY_UISupportedInterfaceOrientations_iPhone = "UIInterfaceOrientationPortrait UIInterfaceOrientationLandscapeLeft UIInterfaceOrientationLandscapeRight";
				INFOPLIST_KEY_UIUserInterfaceStyle = Light;
				LD_RUNPATH_SEARCH_PATHS = (
					"$(inherited)",
					"@executable_path/Frameworks",
				);
				MARKETING_VERSION = 1.0;
				PRODUCT_BUNDLE_IDENTIFIER = MH.WeatherForecastNCGR;
				PRODUCT_NAME = "$(TARGET_NAME)";
				SWIFT_EMIT_LOC_STRINGS = YES;
				SWIFT_VERSION = 5.0;
				TARGETED_DEVICE_FAMILY = "1,2";
			};
			name = Release;
		};
/* End XCBuildConfiguration section */

/* Begin XCConfigurationList section */
		B5898EC527E483CA0054A59C /* Build configuration list for PBXProject "WeatherForecastNCGR" */ = {
			isa = XCConfigurationList;
			buildConfigurations = (
				B5898EF227E483CC0054A59C /* Debug */,
				B5898EF327E483CC0054A59C /* Release */,
			);
			defaultConfigurationIsVisible = 0;
			defaultConfigurationName = Release;
		};
		B5898EF427E483CC0054A59C /* Build configuration list for PBXNativeTarget "WeatherForecastNCGR" */ = {
			isa = XCConfigurationList;
			buildConfigurations = (
				B5898EF527E483CC0054A59C /* Debug */,
				B5898EF627E483CC0054A59C /* Release */,
			);
			defaultConfigurationIsVisible = 0;
			defaultConfigurationName = Release;
		};
		B5898EF727E483CC0054A59C /* Build configuration list for PBXNativeTarget "WeatherForecastNCGRTests" */ = {
			isa = XCConfigurationList;
			buildConfigurations = (
				B5898EF827E483CC0054A59C /* Debug */,
				B5898EF927E483CC0054A59C /* Release */,
			);
			defaultConfigurationIsVisible = 0;
			defaultConfigurationName = Release;
		};
		B5898EFA27E483CC0054A59C /* Build configuration list for PBXNativeTarget "WeatherForecastNCGRUITests" */ = {
			isa = XCConfigurationList;
			buildConfigurations = (
				B5898EFB27E483CC0054A59C /* Debug */,
				B5898EFC27E483CC0054A59C /* Release */,
			);
			defaultConfigurationIsVisible = 0;
			defaultConfigurationName = Release;
		};
		B5CC8F0B27E5AA8F00071C69 /* Build configuration list for PBXNativeTarget "WeatherForecastNCGRTest" */ = {
			isa = XCConfigurationList;
			buildConfigurations = (
				B5CC8F0C27E5AA8F00071C69 /* Debug */,
				B5CC8F0E27E5AA8F00071C69 /* Release */,
			);
			defaultConfigurationIsVisible = 0;
			defaultConfigurationName = Release;
		};
/* End XCConfigurationList section */
	};
	rootObject = B5898EC227E483CA0054A59C /* Project object */;
}
